{
  "originHash" : "d4e0ce270b1ce4c7e396c3cf4bd4139ee46c86f65a3219ed02b49074be1064fb",
  "pins" : [
    {
      "identity" : "scanbot-sdk-ios-spm",
      "kind" : "remoteSourceControl",
      "location" : "https://github.com/doo/scanbot-sdk-ios-spm.git",
      "state" : {
        "revision" : "92f35195a0ee690f439e9745a362f53d3dccf57d",
        "version" : "8.0.0-RC4"
      }
    }
  ],
  "version" : 3
}
