{
  "originHash" : "d4e0ce270b1ce4c7e396c3cf4bd4139ee46c86f65a3219ed02b49074be1064fb",
  "pins" : [
    {
      "identity" : "scanbot-sdk-ios-spm",
      "kind" : "remoteSourceControl",
      "location" : "https://github.com/doo/scanbot-sdk-ios-spm.git",
      "state" : {
        "revision" : "65583f8071a62c3be5e15a544cb4981f65fe2d00",
        "version" : "7.1.0-RC5"
      }
    }
  ],
  "version" : 3
}
