{
  "originHash" : "d4e0ce270b1ce4c7e396c3cf4bd4139ee46c86f65a3219ed02b49074be1064fb",
  "pins" : [
    {
      "identity" : "scanbot-sdk-ios-spm",
      "kind" : "remoteSourceControl",
      "location" : "https://github.com/doo/scanbot-sdk-ios-spm.git",
      "state" : {
        "revision" : "8c9166a78962523dbfecee282c8a3dd263493161",
        "version" : "7.1.1-RC1"
      }
    }
  ],
  "version" : 3
}
