// !$*UTF8*$!
{
	archiveVersion = 1;
	classes = {
	};
	objectVersion = 46;
	objects = {

/* Begin PBXAggregateTarget section */
		08E3396C23E2EC8000699471 /* Download ScanbotSDK */ = {
			isa = PBXAggregateTarget;
			buildConfigurationList = 08E3396F23E2EC8000699471 /* Build configuration list for PBXAggregateTarget "Download ScanbotSDK" */;
			buildPhases = (
				08E3397023E2EC8600699471 /* ShellScript */,
			);
			dependencies = (
			);
			name = "Download ScanbotSDK";
			productName = "Download ScanbotSDK";
		};
/* End PBXAggregateTarget section */

/* Begin PBXBuildFile section */
		08299BC41FC5822F00E01F0E /* UnfoldTransition.m in Sources */ = {isa = PBXBuildFile; fileRef = 08299BC11FC5822F00E01F0E /* UnfoldTransition.m */; };
		086AF338251105BA00EDC379 /* GenericTextLineRecognizerDemoViewController.m in Sources */ = {isa = PBXBuildFile; fileRef = 086AF336251105BA00EDC379 /* GenericTextLineRecognizerDemoViewController.m */; };
		08716C81220DC4D700119B9C /* BusinessCardsDemoViewController.m in Sources */ = {isa = PBXBuildFile; fileRef = 08716C7B220DC4D600119B9C /* BusinessCardsDemoViewController.m */; };
		08716C82220DC4D700119B9C /* BusinessCardDetailDemoViewController.m in Sources */ = {isa = PBXBuildFile; fileRef = 08716C7C220DC4D600119B9C /* BusinessCardDetailDemoViewController.m */; };
		08716C83220DC4D700119B9C /* BusinessCardDemoCell.m in Sources */ = {isa = PBXBuildFile; fileRef = 08716C7F220DC4D600119B9C /* BusinessCardDemoCell.m */; };
		08A97DE42090BAEF00F84440 /* ScanbotSDKOCRData.bundle in Resources */ = {isa = PBXBuildFile; fileRef = 08A97DE32090BAEF00F84440 /* ScanbotSDKOCRData.bundle */; };
		08F1452C24B491E900B7E244 /* BlurrinessEstimatorDemoViewController.m in Sources */ = {isa = PBXBuildFile; fileRef = 08F1452A24B491E900B7E244 /* BlurrinessEstimatorDemoViewController.m */; };
		287FE72324AE3D71002569D9 /* ScanbotSDK.framework in Frameworks */ = {isa = PBXBuildFile; fileRef = 287FE72224AE3D71002569D9 /* ScanbotSDK.framework */; };
		287FE72424AE3D71002569D9 /* ScanbotSDK.framework in Embed Frameworks */ = {isa = PBXBuildFile; fileRef = 287FE72224AE3D71002569D9 /* ScanbotSDK.framework */; settings = {ATTRIBUTES = (CodeSignOnCopy, RemoveHeadersOnCopy, ); }; };
		28B21DBB23E3000E002D2621 /* AdjustableFiltersTableViewController.m in Sources */ = {isa = PBXBuildFile; fileRef = 28B21DBA23E3000E002D2621 /* AdjustableFiltersTableViewController.m */; };
		28B21DBF23E31219002D2621 /* FilterModel.m in Sources */ = {isa = PBXBuildFile; fileRef = 28B21DBE23E31219002D2621 /* FilterModel.m */; };
		28B21DC223E313C2002D2621 /* FilterTableViewCell.m in Sources */ = {isa = PBXBuildFile; fileRef = 28B21DC123E313C2002D2621 /* FilterTableViewCell.m */; };
		28D7361024AE2D8100A0B821 /* IDCardScannerResultViewController.m in Sources */ = {isa = PBXBuildFile; fileRef = 28D7360824AE2D8000A0B821 /* IDCardScannerResultViewController.m */; };
		28D7361124AE2D8100A0B821 /* IDCardResultGeneralTableViewCell.m in Sources */ = {isa = PBXBuildFile; fileRef = 28D7360A24AE2D8100A0B821 /* IDCardResultGeneralTableViewCell.m */; };
		28D7361224AE2D8100A0B821 /* IDCardResultFieldTableViewCell.m in Sources */ = {isa = PBXBuildFile; fileRef = 28D7360B24AE2D8100A0B821 /* IDCardResultFieldTableViewCell.m */; };
		28D7361324AE2D8100A0B821 /* IDCardScannerViewController.m in Sources */ = {isa = PBXBuildFile; fileRef = 28D7360C24AE2D8100A0B821 /* IDCardScannerViewController.m */; };
		6954AEA424E52EF600005627 /* PassportReaderResultTextTableViewCell.m in Sources */ = {isa = PBXBuildFile; fileRef = 6954AE9C24E52EF500005627 /* PassportReaderResultTextTableViewCell.m */; };
		6954AEA524E52EF600005627 /* PassportReaderResultsViewController.m in Sources */ = {isa = PBXBuildFile; fileRef = 6954AE9F24E52EF500005627 /* PassportReaderResultsViewController.m */; };
		6954AEA624E52EF600005627 /* PassportReaderViewController.m in Sources */ = {isa = PBXBuildFile; fileRef = 6954AEA024E52EF600005627 /* PassportReaderViewController.m */; };
		6954AEA724E52EF600005627 /* PassportReaderResultImageTableViewCell.m in Sources */ = {isa = PBXBuildFile; fileRef = 6954AEA324E52EF600005627 /* PassportReaderResultImageTableViewCell.m */; };
		69CF30B923015C7800AA5A07 /* EHICDemoViewController.m in Sources */ = {isa = PBXBuildFile; fileRef = 69CF30B823015C7800AA5A07 /* EHICDemoViewController.m */; };
		6EE9904D21ECD75000182A94 /* AspectRatioDocumentDemoViewController.swift in Sources */ = {isa = PBXBuildFile; fileRef = 6EE9904C21ECD75000182A94 /* AspectRatioDocumentDemoViewController.swift */; };
		6EE9904F21ECED1D00182A94 /* ScanResultViewController.swift in Sources */ = {isa = PBXBuildFile; fileRef = 6EE9904E21ECED1D00182A94 /* ScanResultViewController.swift */; };
		C22FFF1322FAEA7B006E0862 /* BarCodeScannerResultsTableViewController.m in Sources */ = {isa = PBXBuildFile; fileRef = C22FFF0522FAEA7A006E0862 /* BarCodeScannerResultsTableViewController.m */; };
		C22FFF1422FAEA7B006E0862 /* BarCodeScannerResultsTableViewCell.m in Sources */ = {isa = PBXBuildFile; fileRef = C22FFF0822FAEA7A006E0862 /* BarCodeScannerResultsTableViewCell.m */; };
		C22FFF1522FAEA7B006E0862 /* BarCodesResultDetailsViewController.m in Sources */ = {isa = PBXBuildFile; fileRef = C22FFF0C22FAEA7A006E0862 /* BarCodesResultDetailsViewController.m */; };
		C22FFF1622FAEA7B006E0862 /* BarCodeScannerWithFinderViewController.m in Sources */ = {isa = PBXBuildFile; fileRef = C22FFF0D22FAEA7A006E0862 /* BarCodeScannerWithFinderViewController.m */; };
		C22FFF1822FAEA7B006E0862 /* BarCodeTypesListViewController.m in Sources */ = {isa = PBXBuildFile; fileRef = C22FFF0F22FAEA7A006E0862 /* BarCodeTypesListViewController.m */; };
		C22FFF1922FAEA7B006E0862 /* BarCodeScannerViewController.m in Sources */ = {isa = PBXBuildFile; fileRef = C22FFF1022FAEA7A006E0862 /* BarCodeScannerViewController.m */; };
		C275628F1DE45368003F5FE0 /* AppDelegate.m in Sources */ = {isa = PBXBuildFile; fileRef = C27562781DE45368003F5FE0 /* AppDelegate.m */; };
		C27562901DE45368003F5FE0 /* ChequeViewController.m in Sources */ = {isa = PBXBuildFile; fileRef = C275627A1DE45368003F5FE0 /* ChequeViewController.m */; };
		C27562921DE45368003F5FE0 /* DemoViewController.m in Sources */ = {isa = PBXBuildFile; fileRef = C275627E1DE45368003F5FE0 /* DemoViewController.m */; };
		C27562931DE45368003F5FE0 /* DocumentDemoNavigationViewController.m in Sources */ = {isa = PBXBuildFile; fileRef = C27562801DE45368003F5FE0 /* DocumentDemoNavigationViewController.m */; };
		C27562941DE45368003F5FE0 /* DocumentDemoViewController.m in Sources */ = {isa = PBXBuildFile; fileRef = C27562821DE45368003F5FE0 /* DocumentDemoViewController.m */; };
		C27562961DE45368003F5FE0 /* Main.storyboard in Resources */ = {isa = PBXBuildFile; fileRef = C27562851DE45368003F5FE0 /* Main.storyboard */; };
		C27562981DE45368003F5FE0 /* PayformDemoViewController.m in Sources */ = {isa = PBXBuildFile; fileRef = C27562891DE45368003F5FE0 /* PayformDemoViewController.m */; };
		C27562991DE45368003F5FE0 /* DemoPDFViewController.m in Sources */ = {isa = PBXBuildFile; fileRef = C275628B1DE45368003F5FE0 /* DemoPDFViewController.m */; };
		C275629A1DE45368003F5FE0 /* TextViewController.m in Sources */ = {isa = PBXBuildFile; fileRef = C275628E1DE45368003F5FE0 /* TextViewController.m */; };
		C27562A11DE45393003F5FE0 /* DemoSelectionTableViewController.m in Sources */ = {isa = PBXBuildFile; fileRef = C275629C1DE45393003F5FE0 /* DemoSelectionTableViewController.m */; };
		C27562A81DE453B2003F5FE0 /* main.m in Sources */ = {isa = PBXBuildFile; fileRef = C27562A51DE453B2003F5FE0 /* main.m */; };
		C27562A91DE453B2003F5FE0 /* Media.xcassets in Resources */ = {isa = PBXBuildFile; fileRef = C27562A61DE453B2003F5FE0 /* Media.xcassets */; };
		C29DC071204D915900059670 /* TIFFDemoViewController.m in Sources */ = {isa = PBXBuildFile; fileRef = C29DC070204D915900059670 /* TIFFDemoViewController.m */; };
		C2B8AC642035C5A500F4F48E /* DisabilityCertificatesLiveDemoViewController.m in Sources */ = {isa = PBXBuildFile; fileRef = C2B8AC602035C5A400F4F48E /* DisabilityCertificatesLiveDemoViewController.m */; };
		C2B8AC652035C5A500F4F48E /* DisabilityCertificatesRecognitionDemoViewController.m in Sources */ = {isa = PBXBuildFile; fileRef = C2B8AC612035C5A400F4F48E /* DisabilityCertificatesRecognitionDemoViewController.m */; };
		C2B8AC682035C5DB00F4F48E /* DisabilityCertificatesRecognizerResultViewController.m in Sources */ = {isa = PBXBuildFile; fileRef = C2B8AC672035C5DB00F4F48E /* DisabilityCertificatesRecognizerResultViewController.m */; };
		C2B8AC6B2035C61900F4F48E /* DisabilityCertificatesResultsImageTableViewCell.m in Sources */ = {isa = PBXBuildFile; fileRef = C2B8AC6A2035C61900F4F48E /* DisabilityCertificatesResultsImageTableViewCell.m */; };
		C2B8AC6E2035C63100F4F48E /* DisabilityCertificatesResultsCheckboxesInfoTableViewCell.m in Sources */ = {isa = PBXBuildFile; fileRef = C2B8AC6D2035C63100F4F48E /* DisabilityCertificatesResultsCheckboxesInfoTableViewCell.m */; };
		C2B8AC712035C64400F4F48E /* DisabilityCertificatesResultsDatesInfoTableViewCell.m in Sources */ = {isa = PBXBuildFile; fileRef = C2B8AC702035C64400F4F48E /* DisabilityCertificatesResultsDatesInfoTableViewCell.m */; };
		C2F131F12034237A00FFF96B /* MRZDemoViewController.m in Sources */ = {isa = PBXBuildFile; fileRef = C2F131F02034237A00FFF96B /* MRZDemoViewController.m */; };
		C2F131F92034280300FFF96B /* ScanbotSDKMRZData.bundle in Resources */ = {isa = PBXBuildFile; fileRef = C2F131F82034280300FFF96B /* ScanbotSDKMRZData.bundle */; };
/* End PBXBuildFile section */

/* Begin PBXContainerItemProxy section */
		287FE72B24AE43F2002569D9 /* PBXContainerItemProxy */ = {
			isa = PBXContainerItemProxy;
			containerPortal = 9ED845791AE670CC008B2731 /* Project object */;
			proxyType = 1;
			remoteGlobalIDString = 08E3396C23E2EC8000699471;
			remoteInfo = "Download ScanbotSDK";
		};
/* End PBXContainerItemProxy section */

/* Begin PBXCopyFilesBuildPhase section */
		28D7361A24AE302D00A0B821 /* Embed Frameworks */ = {
			isa = PBXCopyFilesBuildPhase;
			buildActionMask = 2147483647;
			dstPath = "";
			dstSubfolderSpec = 10;
			files = (
				287FE72424AE3D71002569D9 /* ScanbotSDK.framework in Embed Frameworks */,
			);
			name = "Embed Frameworks";
			runOnlyForDeploymentPostprocessing = 0;
		};
		9E69F5C41AE7E45500E6131A /* CopyFiles */ = {
			isa = PBXCopyFilesBuildPhase;
			buildActionMask = 2147483647;
			dstPath = "";
			dstSubfolderSpec = 7;
			files = (
			);
			runOnlyForDeploymentPostprocessing = 0;
		};
/* End PBXCopyFilesBuildPhase section */

/* Begin PBXFileReference section */
		082022701F791157005FF9F2 /* README.md */ = {isa = PBXFileReference; lastKnownFileType = net.daringfireball.markdown; path = README.md; sourceTree = SOURCE_ROOT; };
		08299BC01FC5822F00E01F0E /* UnfoldTransition.h */ = {isa = PBXFileReference; fileEncoding = 4; lastKnownFileType = sourcecode.c.h; path = UnfoldTransition.h; sourceTree = "<group>"; };
		08299BC11FC5822F00E01F0E /* UnfoldTransition.m */ = {isa = PBXFileReference; fileEncoding = 4; lastKnownFileType = sourcecode.c.objc; path = UnfoldTransition.m; sourceTree = "<group>"; };
		086AF336251105BA00EDC379 /* GenericTextLineRecognizerDemoViewController.m */ = {isa = PBXFileReference; fileEncoding = 4; lastKnownFileType = sourcecode.c.objc; path = GenericTextLineRecognizerDemoViewController.m; sourceTree = "<group>"; };
		086AF337251105BA00EDC379 /* GenericTextLineRecognizerDemoViewController.h */ = {isa = PBXFileReference; fileEncoding = 4; lastKnownFileType = sourcecode.c.h; path = GenericTextLineRecognizerDemoViewController.h; sourceTree = "<group>"; };
		08716C7B220DC4D600119B9C /* BusinessCardsDemoViewController.m */ = {isa = PBXFileReference; fileEncoding = 4; lastKnownFileType = sourcecode.c.objc; path = BusinessCardsDemoViewController.m; sourceTree = "<group>"; };
		08716C7C220DC4D600119B9C /* BusinessCardDetailDemoViewController.m */ = {isa = PBXFileReference; fileEncoding = 4; lastKnownFileType = sourcecode.c.objc; path = BusinessCardDetailDemoViewController.m; sourceTree = "<group>"; };
		08716C7D220DC4D600119B9C /* BusinessCardDemoCell.h */ = {isa = PBXFileReference; fileEncoding = 4; lastKnownFileType = sourcecode.c.h; path = BusinessCardDemoCell.h; sourceTree = "<group>"; };
		08716C7E220DC4D600119B9C /* BusinessCardDetailDemoViewController.h */ = {isa = PBXFileReference; fileEncoding = 4; lastKnownFileType = sourcecode.c.h; path = BusinessCardDetailDemoViewController.h; sourceTree = "<group>"; };
		08716C7F220DC4D600119B9C /* BusinessCardDemoCell.m */ = {isa = PBXFileReference; fileEncoding = 4; lastKnownFileType = sourcecode.c.objc; path = BusinessCardDemoCell.m; sourceTree = "<group>"; };
		08716C80220DC4D600119B9C /* BusinessCardsDemoViewController.h */ = {isa = PBXFileReference; fileEncoding = 4; lastKnownFileType = sourcecode.c.h; path = BusinessCardsDemoViewController.h; sourceTree = "<group>"; };
		08A97DE32090BAEF00F84440 /* ScanbotSDKOCRData.bundle */ = {isa = PBXFileReference; lastKnownFileType = "wrapper.plug-in"; name = ScanbotSDKOCRData.bundle; path = ScanbotSDK/AdditionalData/ScanbotSDKOCRData.bundle; sourceTree = SOURCE_ROOT; };
		08F1452A24B491E900B7E244 /* BlurrinessEstimatorDemoViewController.m */ = {isa = PBXFileReference; fileEncoding = 4; lastKnownFileType = sourcecode.c.objc; path = BlurrinessEstimatorDemoViewController.m; sourceTree = "<group>"; };
		08F1452B24B491E900B7E244 /* BlurrinessEstimatorDemoViewController.h */ = {isa = PBXFileReference; fileEncoding = 4; lastKnownFileType = sourcecode.c.h; path = BlurrinessEstimatorDemoViewController.h; sourceTree = "<group>"; };
		287FE72224AE3D71002569D9 /* ScanbotSDK.framework */ = {isa = PBXFileReference; lastKnownFileType = wrapper.framework; name = ScanbotSDK.framework; path = ScanbotSDK/ScanbotSDK.framework; sourceTree = "<group>"; };
		28B21DB923E3000E002D2621 /* AdjustableFiltersTableViewController.h */ = {isa = PBXFileReference; lastKnownFileType = sourcecode.c.h; path = AdjustableFiltersTableViewController.h; sourceTree = "<group>"; };
		28B21DBA23E3000E002D2621 /* AdjustableFiltersTableViewController.m */ = {isa = PBXFileReference; lastKnownFileType = sourcecode.c.objc; path = AdjustableFiltersTableViewController.m; sourceTree = "<group>"; };
		28B21DBD23E31219002D2621 /* FilterModel.h */ = {isa = PBXFileReference; lastKnownFileType = sourcecode.c.h; path = FilterModel.h; sourceTree = "<group>"; };
		28B21DBE23E31219002D2621 /* FilterModel.m */ = {isa = PBXFileReference; lastKnownFileType = sourcecode.c.objc; path = FilterModel.m; sourceTree = "<group>"; };
		28B21DC023E313C2002D2621 /* FilterTableViewCell.h */ = {isa = PBXFileReference; lastKnownFileType = sourcecode.c.h; path = FilterTableViewCell.h; sourceTree = "<group>"; };
		28B21DC123E313C2002D2621 /* FilterTableViewCell.m */ = {isa = PBXFileReference; lastKnownFileType = sourcecode.c.objc; path = FilterTableViewCell.m; sourceTree = "<group>"; };
		28D7360824AE2D8000A0B821 /* IDCardScannerResultViewController.m */ = {isa = PBXFileReference; fileEncoding = 4; lastKnownFileType = sourcecode.c.objc; path = IDCardScannerResultViewController.m; sourceTree = "<group>"; };
		28D7360924AE2D8000A0B821 /* IDCardResultFieldTableViewCell.h */ = {isa = PBXFileReference; fileEncoding = 4; lastKnownFileType = sourcecode.c.h; path = IDCardResultFieldTableViewCell.h; sourceTree = "<group>"; };
		28D7360A24AE2D8100A0B821 /* IDCardResultGeneralTableViewCell.m */ = {isa = PBXFileReference; fileEncoding = 4; lastKnownFileType = sourcecode.c.objc; path = IDCardResultGeneralTableViewCell.m; sourceTree = "<group>"; };
		28D7360B24AE2D8100A0B821 /* IDCardResultFieldTableViewCell.m */ = {isa = PBXFileReference; fileEncoding = 4; lastKnownFileType = sourcecode.c.objc; path = IDCardResultFieldTableViewCell.m; sourceTree = "<group>"; };
		28D7360C24AE2D8100A0B821 /* IDCardScannerViewController.m */ = {isa = PBXFileReference; fileEncoding = 4; lastKnownFileType = sourcecode.c.objc; path = IDCardScannerViewController.m; sourceTree = "<group>"; };
		28D7360D24AE2D8100A0B821 /* IDCardScannerViewController.h */ = {isa = PBXFileReference; fileEncoding = 4; lastKnownFileType = sourcecode.c.h; path = IDCardScannerViewController.h; sourceTree = "<group>"; };
		28D7360E24AE2D8100A0B821 /* IDCardScannerResultViewController.h */ = {isa = PBXFileReference; fileEncoding = 4; lastKnownFileType = sourcecode.c.h; path = IDCardScannerResultViewController.h; sourceTree = "<group>"; };
		28D7360F24AE2D8100A0B821 /* IDCardResultGeneralTableViewCell.h */ = {isa = PBXFileReference; fileEncoding = 4; lastKnownFileType = sourcecode.c.h; path = IDCardResultGeneralTableViewCell.h; sourceTree = "<group>"; };
		28D7361724AE302000A0B821 /* ScanbotSDK */ = {isa = PBXFileReference; lastKnownFileType = folder; path = ScanbotSDK; sourceTree = "<group>"; };
		6954AE9C24E52EF500005627 /* PassportReaderResultTextTableViewCell.m */ = {isa = PBXFileReference; fileEncoding = 4; lastKnownFileType = sourcecode.c.objc; path = PassportReaderResultTextTableViewCell.m; sourceTree = "<group>"; };
		6954AE9D24E52EF500005627 /* PassportReaderResultsViewController.h */ = {isa = PBXFileReference; fileEncoding = 4; lastKnownFileType = sourcecode.c.h; path = PassportReaderResultsViewController.h; sourceTree = "<group>"; };
		6954AE9E24E52EF500005627 /* PassportReaderResultImageTableViewCell.h */ = {isa = PBXFileReference; fileEncoding = 4; lastKnownFileType = sourcecode.c.h; path = PassportReaderResultImageTableViewCell.h; sourceTree = "<group>"; };
		6954AE9F24E52EF500005627 /* PassportReaderResultsViewController.m */ = {isa = PBXFileReference; fileEncoding = 4; lastKnownFileType = sourcecode.c.objc; path = PassportReaderResultsViewController.m; sourceTree = "<group>"; };
		6954AEA024E52EF600005627 /* PassportReaderViewController.m */ = {isa = PBXFileReference; fileEncoding = 4; lastKnownFileType = sourcecode.c.objc; path = PassportReaderViewController.m; sourceTree = "<group>"; };
		6954AEA124E52EF600005627 /* PassportReaderResultTextTableViewCell.h */ = {isa = PBXFileReference; fileEncoding = 4; lastKnownFileType = sourcecode.c.h; path = PassportReaderResultTextTableViewCell.h; sourceTree = "<group>"; };
		6954AEA224E52EF600005627 /* PassportReaderViewController.h */ = {isa = PBXFileReference; fileEncoding = 4; lastKnownFileType = sourcecode.c.h; path = PassportReaderViewController.h; sourceTree = "<group>"; };
		6954AEA324E52EF600005627 /* PassportReaderResultImageTableViewCell.m */ = {isa = PBXFileReference; fileEncoding = 4; lastKnownFileType = sourcecode.c.objc; path = PassportReaderResultImageTableViewCell.m; sourceTree = "<group>"; };
		6954AEA824E5434A00005627 /* ScanbotSDK Demo.entitlements */ = {isa = PBXFileReference; lastKnownFileType = text.plist.entitlements; name = "ScanbotSDK Demo.entitlements"; path = "ScanbotSDKDemo/ScanbotSDK Demo.entitlements"; sourceTree = "<group>"; };
		69CF30B723015C7700AA5A07 /* EHICDemoViewController.h */ = {isa = PBXFileReference; lastKnownFileType = sourcecode.c.h; path = EHICDemoViewController.h; sourceTree = "<group>"; };
		69CF30B823015C7800AA5A07 /* EHICDemoViewController.m */ = {isa = PBXFileReference; lastKnownFileType = sourcecode.c.objc; path = EHICDemoViewController.m; sourceTree = "<group>"; };
		6EE9904B21ECD74F00182A94 /* ScanbotSDKDemo-Bridging-Header.h */ = {isa = PBXFileReference; lastKnownFileType = sourcecode.c.h; path = "ScanbotSDKDemo-Bridging-Header.h"; sourceTree = "<group>"; };
		6EE9904C21ECD75000182A94 /* AspectRatioDocumentDemoViewController.swift */ = {isa = PBXFileReference; lastKnownFileType = sourcecode.swift; path = AspectRatioDocumentDemoViewController.swift; sourceTree = "<group>"; };
		6EE9904E21ECED1D00182A94 /* ScanResultViewController.swift */ = {isa = PBXFileReference; lastKnownFileType = sourcecode.swift; path = ScanResultViewController.swift; sourceTree = "<group>"; };
		9ED845811AE670CC008B2731 /* ScanbotSDK Demo.app */ = {isa = PBXFileReference; explicitFileType = wrapper.application; includeInIndex = 0; path = "ScanbotSDK Demo.app"; sourceTree = BUILT_PRODUCTS_DIR; };
		C22FFF0522FAEA7A006E0862 /* BarCodeScannerResultsTableViewController.m */ = {isa = PBXFileReference; fileEncoding = 4; lastKnownFileType = sourcecode.c.objc; path = BarCodeScannerResultsTableViewController.m; sourceTree = "<group>"; };
		C22FFF0722FAEA7A006E0862 /* BarCodeScannerViewController.h */ = {isa = PBXFileReference; fileEncoding = 4; lastKnownFileType = sourcecode.c.h; path = BarCodeScannerViewController.h; sourceTree = "<group>"; };
		C22FFF0822FAEA7A006E0862 /* BarCodeScannerResultsTableViewCell.m */ = {isa = PBXFileReference; fileEncoding = 4; lastKnownFileType = sourcecode.c.objc; path = BarCodeScannerResultsTableViewCell.m; sourceTree = "<group>"; };
		C22FFF0922FAEA7A006E0862 /* BarCodeScannerResultsTableViewController.h */ = {isa = PBXFileReference; fileEncoding = 4; lastKnownFileType = sourcecode.c.h; path = BarCodeScannerResultsTableViewController.h; sourceTree = "<group>"; };
		C22FFF0A22FAEA7A006E0862 /* BarCodesResultDetailsViewController.h */ = {isa = PBXFileReference; fileEncoding = 4; lastKnownFileType = sourcecode.c.h; path = BarCodesResultDetailsViewController.h; sourceTree = "<group>"; };
		C22FFF0B22FAEA7A006E0862 /* BarCodeScannerResultsTableViewCell.h */ = {isa = PBXFileReference; fileEncoding = 4; lastKnownFileType = sourcecode.c.h; path = BarCodeScannerResultsTableViewCell.h; sourceTree = "<group>"; };
		C22FFF0C22FAEA7A006E0862 /* BarCodesResultDetailsViewController.m */ = {isa = PBXFileReference; fileEncoding = 4; lastKnownFileType = sourcecode.c.objc; path = BarCodesResultDetailsViewController.m; sourceTree = "<group>"; };
		C22FFF0D22FAEA7A006E0862 /* BarCodeScannerWithFinderViewController.m */ = {isa = PBXFileReference; fileEncoding = 4; lastKnownFileType = sourcecode.c.objc; path = BarCodeScannerWithFinderViewController.m; sourceTree = "<group>"; };
		C22FFF0F22FAEA7A006E0862 /* BarCodeTypesListViewController.m */ = {isa = PBXFileReference; fileEncoding = 4; lastKnownFileType = sourcecode.c.objc; path = BarCodeTypesListViewController.m; sourceTree = "<group>"; };
		C22FFF1022FAEA7A006E0862 /* BarCodeScannerViewController.m */ = {isa = PBXFileReference; fileEncoding = 4; lastKnownFileType = sourcecode.c.objc; path = BarCodeScannerViewController.m; sourceTree = "<group>"; };
		C22FFF1122FAEA7B006E0862 /* BarCodeScannerWithFinderViewController.h */ = {isa = PBXFileReference; fileEncoding = 4; lastKnownFileType = sourcecode.c.h; path = BarCodeScannerWithFinderViewController.h; sourceTree = "<group>"; };
		C22FFF1222FAEA7B006E0862 /* BarCodeTypesListViewController.h */ = {isa = PBXFileReference; fileEncoding = 4; lastKnownFileType = sourcecode.c.h; path = BarCodeTypesListViewController.h; sourceTree = "<group>"; };
		C27562771DE45368003F5FE0 /* AppDelegate.h */ = {isa = PBXFileReference; fileEncoding = 4; lastKnownFileType = sourcecode.c.h; name = AppDelegate.h; path = ScanbotSDKDemo/AppDelegate.h; sourceTree = SOURCE_ROOT; };
		C27562781DE45368003F5FE0 /* AppDelegate.m */ = {isa = PBXFileReference; fileEncoding = 4; lastKnownFileType = sourcecode.c.objc; name = AppDelegate.m; path = ScanbotSDKDemo/AppDelegate.m; sourceTree = SOURCE_ROOT; };
		C27562791DE45368003F5FE0 /* ChequeViewController.h */ = {isa = PBXFileReference; fileEncoding = 4; lastKnownFileType = sourcecode.c.h; name = ChequeViewController.h; path = ScanbotSDKDemo/ChequeViewController.h; sourceTree = SOURCE_ROOT; };
		C275627A1DE45368003F5FE0 /* ChequeViewController.m */ = {isa = PBXFileReference; fileEncoding = 4; lastKnownFileType = sourcecode.c.objc; name = ChequeViewController.m; path = ScanbotSDKDemo/ChequeViewController.m; sourceTree = SOURCE_ROOT; };
		C275627D1DE45368003F5FE0 /* DemoViewController.h */ = {isa = PBXFileReference; fileEncoding = 4; lastKnownFileType = sourcecode.c.h; name = DemoViewController.h; path = ScanbotSDKDemo/DemoViewController.h; sourceTree = SOURCE_ROOT; };
		C275627E1DE45368003F5FE0 /* DemoViewController.m */ = {isa = PBXFileReference; fileEncoding = 4; lastKnownFileType = sourcecode.c.objc; name = DemoViewController.m; path = ScanbotSDKDemo/DemoViewController.m; sourceTree = SOURCE_ROOT; };
		C275627F1DE45368003F5FE0 /* DocumentDemoNavigationViewController.h */ = {isa = PBXFileReference; fileEncoding = 4; lastKnownFileType = sourcecode.c.h; name = DocumentDemoNavigationViewController.h; path = ScanbotSDKDemo/DocumentDemoNavigationViewController.h; sourceTree = SOURCE_ROOT; };
		C27562801DE45368003F5FE0 /* DocumentDemoNavigationViewController.m */ = {isa = PBXFileReference; fileEncoding = 4; lastKnownFileType = sourcecode.c.objc; name = DocumentDemoNavigationViewController.m; path = ScanbotSDKDemo/DocumentDemoNavigationViewController.m; sourceTree = SOURCE_ROOT; };
		C27562811DE45368003F5FE0 /* DocumentDemoViewController.h */ = {isa = PBXFileReference; fileEncoding = 4; lastKnownFileType = sourcecode.c.h; name = DocumentDemoViewController.h; path = ScanbotSDKDemo/DocumentDemoViewController.h; sourceTree = SOURCE_ROOT; };
		C27562821DE45368003F5FE0 /* DocumentDemoViewController.m */ = {isa = PBXFileReference; fileEncoding = 4; lastKnownFileType = sourcecode.c.objc; name = DocumentDemoViewController.m; path = ScanbotSDKDemo/DocumentDemoViewController.m; sourceTree = SOURCE_ROOT; };
		C27562851DE45368003F5FE0 /* Main.storyboard */ = {isa = PBXFileReference; fileEncoding = 4; lastKnownFileType = file.storyboard; name = Main.storyboard; path = ScanbotSDKDemo/Main.storyboard; sourceTree = SOURCE_ROOT; };
		C27562881DE45368003F5FE0 /* PayformDemoViewController.h */ = {isa = PBXFileReference; fileEncoding = 4; lastKnownFileType = sourcecode.c.h; name = PayformDemoViewController.h; path = ScanbotSDKDemo/PayformDemoViewController.h; sourceTree = SOURCE_ROOT; };
		C27562891DE45368003F5FE0 /* PayformDemoViewController.m */ = {isa = PBXFileReference; fileEncoding = 4; lastKnownFileType = sourcecode.c.objc; name = PayformDemoViewController.m; path = ScanbotSDKDemo/PayformDemoViewController.m; sourceTree = SOURCE_ROOT; };
		C275628A1DE45368003F5FE0 /* DemoPDFViewController.h */ = {isa = PBXFileReference; fileEncoding = 4; lastKnownFileType = sourcecode.c.h; name = DemoPDFViewController.h; path = ScanbotSDKDemo/DemoPDFViewController.h; sourceTree = SOURCE_ROOT; };
		C275628B1DE45368003F5FE0 /* DemoPDFViewController.m */ = {isa = PBXFileReference; fileEncoding = 4; lastKnownFileType = sourcecode.c.objc; name = DemoPDFViewController.m; path = ScanbotSDKDemo/DemoPDFViewController.m; sourceTree = SOURCE_ROOT; };
		C275628C1DE45368003F5FE0 /* ScanbotSDKInclude.h */ = {isa = PBXFileReference; fileEncoding = 4; lastKnownFileType = sourcecode.c.h; name = ScanbotSDKInclude.h; path = ScanbotSDKDemo/ScanbotSDKInclude.h; sourceTree = SOURCE_ROOT; };
		C275628D1DE45368003F5FE0 /* TextViewController.h */ = {isa = PBXFileReference; fileEncoding = 4; lastKnownFileType = sourcecode.c.h; name = TextViewController.h; path = ScanbotSDKDemo/TextViewController.h; sourceTree = SOURCE_ROOT; };
		C275628E1DE45368003F5FE0 /* TextViewController.m */ = {isa = PBXFileReference; fileEncoding = 4; lastKnownFileType = sourcecode.c.objc; name = TextViewController.m; path = ScanbotSDKDemo/TextViewController.m; sourceTree = SOURCE_ROOT; };
		C275629B1DE45393003F5FE0 /* DemoSelectionTableViewController.h */ = {isa = PBXFileReference; fileEncoding = 4; lastKnownFileType = sourcecode.c.h; name = DemoSelectionTableViewController.h; path = ScanbotSDKDemo/DemoSelectionTableViewController.h; sourceTree = SOURCE_ROOT; };
		C275629C1DE45393003F5FE0 /* DemoSelectionTableViewController.m */ = {isa = PBXFileReference; fileEncoding = 4; lastKnownFileType = sourcecode.c.objc; name = DemoSelectionTableViewController.m; path = ScanbotSDKDemo/DemoSelectionTableViewController.m; sourceTree = SOURCE_ROOT; };
		C27562A41DE453B2003F5FE0 /* Info.plist */ = {isa = PBXFileReference; fileEncoding = 4; lastKnownFileType = text.plist.xml; name = Info.plist; path = ScanbotSDKDemo/Info.plist; sourceTree = SOURCE_ROOT; };
		C27562A51DE453B2003F5FE0 /* main.m */ = {isa = PBXFileReference; fileEncoding = 4; lastKnownFileType = sourcecode.c.objc; name = main.m; path = ScanbotSDKDemo/main.m; sourceTree = SOURCE_ROOT; };
		C27562A61DE453B2003F5FE0 /* Media.xcassets */ = {isa = PBXFileReference; lastKnownFileType = folder.assetcatalog; name = Media.xcassets; path = ScanbotSDKDemo/Media.xcassets; sourceTree = SOURCE_ROOT; };
		C29DC06F204D915900059670 /* TIFFDemoViewController.h */ = {isa = PBXFileReference; fileEncoding = 4; lastKnownFileType = sourcecode.c.h; path = TIFFDemoViewController.h; sourceTree = "<group>"; };
		C29DC070204D915900059670 /* TIFFDemoViewController.m */ = {isa = PBXFileReference; fileEncoding = 4; lastKnownFileType = sourcecode.c.objc; path = TIFFDemoViewController.m; sourceTree = "<group>"; };
		C2B8AC602035C5A400F4F48E /* DisabilityCertificatesLiveDemoViewController.m */ = {isa = PBXFileReference; fileEncoding = 4; lastKnownFileType = sourcecode.c.objc; path = DisabilityCertificatesLiveDemoViewController.m; sourceTree = "<group>"; };
		C2B8AC612035C5A400F4F48E /* DisabilityCertificatesRecognitionDemoViewController.m */ = {isa = PBXFileReference; fileEncoding = 4; lastKnownFileType = sourcecode.c.objc; path = DisabilityCertificatesRecognitionDemoViewController.m; sourceTree = "<group>"; };
		C2B8AC622035C5A400F4F48E /* DisabilityCertificatesRecognitionDemoViewController.h */ = {isa = PBXFileReference; fileEncoding = 4; lastKnownFileType = sourcecode.c.h; path = DisabilityCertificatesRecognitionDemoViewController.h; sourceTree = "<group>"; };
		C2B8AC632035C5A400F4F48E /* DisabilityCertificatesLiveDemoViewController.h */ = {isa = PBXFileReference; fileEncoding = 4; lastKnownFileType = sourcecode.c.h; path = DisabilityCertificatesLiveDemoViewController.h; sourceTree = "<group>"; };
		C2B8AC662035C5DB00F4F48E /* DisabilityCertificatesRecognizerResultViewController.h */ = {isa = PBXFileReference; lastKnownFileType = sourcecode.c.h; path = DisabilityCertificatesRecognizerResultViewController.h; sourceTree = "<group>"; };
		C2B8AC672035C5DB00F4F48E /* DisabilityCertificatesRecognizerResultViewController.m */ = {isa = PBXFileReference; lastKnownFileType = sourcecode.c.objc; path = DisabilityCertificatesRecognizerResultViewController.m; sourceTree = "<group>"; };
		C2B8AC692035C61900F4F48E /* DisabilityCertificatesResultsImageTableViewCell.h */ = {isa = PBXFileReference; lastKnownFileType = sourcecode.c.h; path = DisabilityCertificatesResultsImageTableViewCell.h; sourceTree = "<group>"; };
		C2B8AC6A2035C61900F4F48E /* DisabilityCertificatesResultsImageTableViewCell.m */ = {isa = PBXFileReference; lastKnownFileType = sourcecode.c.objc; path = DisabilityCertificatesResultsImageTableViewCell.m; sourceTree = "<group>"; };
		C2B8AC6C2035C63100F4F48E /* DisabilityCertificatesResultsCheckboxesInfoTableViewCell.h */ = {isa = PBXFileReference; lastKnownFileType = sourcecode.c.h; path = DisabilityCertificatesResultsCheckboxesInfoTableViewCell.h; sourceTree = "<group>"; };
		C2B8AC6D2035C63100F4F48E /* DisabilityCertificatesResultsCheckboxesInfoTableViewCell.m */ = {isa = PBXFileReference; lastKnownFileType = sourcecode.c.objc; path = DisabilityCertificatesResultsCheckboxesInfoTableViewCell.m; sourceTree = "<group>"; };
		C2B8AC6F2035C64400F4F48E /* DisabilityCertificatesResultsDatesInfoTableViewCell.h */ = {isa = PBXFileReference; lastKnownFileType = sourcecode.c.h; path = DisabilityCertificatesResultsDatesInfoTableViewCell.h; sourceTree = "<group>"; };
		C2B8AC702035C64400F4F48E /* DisabilityCertificatesResultsDatesInfoTableViewCell.m */ = {isa = PBXFileReference; lastKnownFileType = sourcecode.c.objc; path = DisabilityCertificatesResultsDatesInfoTableViewCell.m; sourceTree = "<group>"; };
		C2F131EF2034237A00FFF96B /* MRZDemoViewController.h */ = {isa = PBXFileReference; fileEncoding = 4; lastKnownFileType = sourcecode.c.h; path = MRZDemoViewController.h; sourceTree = "<group>"; };
		C2F131F02034237A00FFF96B /* MRZDemoViewController.m */ = {isa = PBXFileReference; fileEncoding = 4; lastKnownFileType = sourcecode.c.objc; path = MRZDemoViewController.m; sourceTree = "<group>"; };
		C2F131F82034280300FFF96B /* ScanbotSDKMRZData.bundle */ = {isa = PBXFileReference; lastKnownFileType = "wrapper.plug-in"; name = ScanbotSDKMRZData.bundle; path = ScanbotSDK/AdditionalData/ScanbotSDKMRZData.bundle; sourceTree = SOURCE_ROOT; };
/* End PBXFileReference section */

/* Begin PBXFrameworksBuildPhase section */
		9ED8457E1AE670CC008B2731 /* Frameworks */ = {
			isa = PBXFrameworksBuildPhase;
			buildActionMask = 2147483647;
			files = (
				287FE72324AE3D71002569D9 /* ScanbotSDK.framework in Frameworks */,
			);
			runOnlyForDeploymentPostprocessing = 0;
		};
/* End PBXFrameworksBuildPhase section */

/* Begin PBXGroup section */
		0820226C1F790A19005FF9F2 /* Frameworks */ = {
			isa = PBXGroup;
			children = (
			);
			name = Frameworks;
			path = ..;
			sourceTree = "<group>";
		};
		08299BBB1FC5822F00E01F0E /* Helpers */ = {
			isa = PBXGroup;
			children = (
				08299BC01FC5822F00E01F0E /* UnfoldTransition.h */,
				08299BC11FC5822F00E01F0E /* UnfoldTransition.m */,
			);
			path = Helpers;
			sourceTree = "<group>";
		};
		08716C7A220DC49400119B9C /* BusinessCardDemo */ = {
			isa = PBXGroup;
			children = (
				08716C7D220DC4D600119B9C /* BusinessCardDemoCell.h */,
				08716C7F220DC4D600119B9C /* BusinessCardDemoCell.m */,
				08716C7E220DC4D600119B9C /* BusinessCardDetailDemoViewController.h */,
				08716C7C220DC4D600119B9C /* BusinessCardDetailDemoViewController.m */,
				08716C80220DC4D600119B9C /* BusinessCardsDemoViewController.h */,
				08716C7B220DC4D600119B9C /* BusinessCardsDemoViewController.m */,
			);
			path = BusinessCardDemo;
			sourceTree = "<group>";
		};
		28B21DBC23E31200002D2621 /* AdjustableFiltersDemo */ = {
			isa = PBXGroup;
			children = (
				28B21DB923E3000E002D2621 /* AdjustableFiltersTableViewController.h */,
				28B21DBA23E3000E002D2621 /* AdjustableFiltersTableViewController.m */,
				28B21DBD23E31219002D2621 /* FilterModel.h */,
				28B21DBE23E31219002D2621 /* FilterModel.m */,
				28B21DC023E313C2002D2621 /* FilterTableViewCell.h */,
				28B21DC123E313C2002D2621 /* FilterTableViewCell.m */,
			);
			path = AdjustableFiltersDemo;
			sourceTree = "<group>";
		};
		28D735F424AE214D00A0B821 /* ID Card */ = {
			isa = PBXGroup;
			children = (
				28D7360924AE2D8000A0B821 /* IDCardResultFieldTableViewCell.h */,
				28D7360B24AE2D8100A0B821 /* IDCardResultFieldTableViewCell.m */,
				28D7360F24AE2D8100A0B821 /* IDCardResultGeneralTableViewCell.h */,
				28D7360A24AE2D8100A0B821 /* IDCardResultGeneralTableViewCell.m */,
				28D7360E24AE2D8100A0B821 /* IDCardScannerResultViewController.h */,
				28D7360824AE2D8000A0B821 /* IDCardScannerResultViewController.m */,
				28D7360D24AE2D8100A0B821 /* IDCardScannerViewController.h */,
				28D7360C24AE2D8100A0B821 /* IDCardScannerViewController.m */,
			);
			path = "ID Card";
			sourceTree = "<group>";
		};
		28D7361624AE302000A0B821 /* Frameworks */ = {
			isa = PBXGroup;
			children = (
				287FE72224AE3D71002569D9 /* ScanbotSDK.framework */,
				28D7361724AE302000A0B821 /* ScanbotSDK */,
			);
			name = Frameworks;
			sourceTree = "<group>";
		};
		6954AE9B24E52E7D00005627 /* NFC */ = {
			isa = PBXGroup;
			children = (
				6954AE9E24E52EF500005627 /* PassportReaderResultImageTableViewCell.h */,
				6954AEA324E52EF600005627 /* PassportReaderResultImageTableViewCell.m */,
				6954AE9D24E52EF500005627 /* PassportReaderResultsViewController.h */,
				6954AE9F24E52EF500005627 /* PassportReaderResultsViewController.m */,
				6954AEA124E52EF600005627 /* PassportReaderResultTextTableViewCell.h */,
				6954AE9C24E52EF500005627 /* PassportReaderResultTextTableViewCell.m */,
				6954AEA224E52EF600005627 /* PassportReaderViewController.h */,
				6954AEA024E52EF600005627 /* PassportReaderViewController.m */,
			);
			path = NFC;
			sourceTree = "<group>";
		};
		9ED845781AE670CC008B2731 = {
			isa = PBXGroup;
			children = (
				6954AEA824E5434A00005627 /* ScanbotSDK Demo.entitlements */,
				082022701F791157005FF9F2 /* README.md */,
				9ED845831AE670CC008B2731 /* DemoApp */,
				9ED845821AE670CC008B2731 /* Products */,
				28D7361624AE302000A0B821 /* Frameworks */,
			);
			sourceTree = "<group>";
		};
		9ED845821AE670CC008B2731 /* Products */ = {
			isa = PBXGroup;
			children = (
				9ED845811AE670CC008B2731 /* ScanbotSDK Demo.app */,
			);
			name = Products;
			sourceTree = "<group>";
		};
		9ED845831AE670CC008B2731 /* DemoApp */ = {
			isa = PBXGroup;
			children = (
				6954AE9B24E52E7D00005627 /* NFC */,
				28D735F424AE214D00A0B821 /* ID Card */,
				C22FFEFE22FAE4A6006E0862 /* BarcodeScannerDemo */,
				08716C7A220DC49400119B9C /* BusinessCardDemo */,
				C2B8AC5F2035C5A400F4F48E /* DisabilityCertificatesDemo */,
				28B21DBC23E31200002D2621 /* AdjustableFiltersDemo */,
				08299BBB1FC5822F00E01F0E /* Helpers */,
				C2F131EF2034237A00FFF96B /* MRZDemoViewController.h */,
				C2F131F02034237A00FFF96B /* MRZDemoViewController.m */,
				08F1452B24B491E900B7E244 /* BlurrinessEstimatorDemoViewController.h */,
				08F1452A24B491E900B7E244 /* BlurrinessEstimatorDemoViewController.m */,
				69CF30B723015C7700AA5A07 /* EHICDemoViewController.h */,
				69CF30B823015C7800AA5A07 /* EHICDemoViewController.m */,
				C27562771DE45368003F5FE0 /* AppDelegate.h */,
				C27562781DE45368003F5FE0 /* AppDelegate.m */,
				C275629B1DE45393003F5FE0 /* DemoSelectionTableViewController.h */,
				C275629C1DE45393003F5FE0 /* DemoSelectionTableViewController.m */,
				C27562791DE45368003F5FE0 /* ChequeViewController.h */,
				C275627A1DE45368003F5FE0 /* ChequeViewController.m */,
				C275627D1DE45368003F5FE0 /* DemoViewController.h */,
				C275627E1DE45368003F5FE0 /* DemoViewController.m */,
				C275627F1DE45368003F5FE0 /* DocumentDemoNavigationViewController.h */,
				C27562801DE45368003F5FE0 /* DocumentDemoNavigationViewController.m */,
				C27562811DE45368003F5FE0 /* DocumentDemoViewController.h */,
				C27562821DE45368003F5FE0 /* DocumentDemoViewController.m */,
				6EE9904C21ECD75000182A94 /* AspectRatioDocumentDemoViewController.swift */,
				6EE9904E21ECED1D00182A94 /* ScanResultViewController.swift */,
				C27562851DE45368003F5FE0 /* Main.storyboard */,
				C27562881DE45368003F5FE0 /* PayformDemoViewController.h */,
				C27562891DE45368003F5FE0 /* PayformDemoViewController.m */,
				C275628A1DE45368003F5FE0 /* DemoPDFViewController.h */,
				C275628B1DE45368003F5FE0 /* DemoPDFViewController.m */,
				C29DC06F204D915900059670 /* TIFFDemoViewController.h */,
				C29DC070204D915900059670 /* TIFFDemoViewController.m */,
				C275628C1DE45368003F5FE0 /* ScanbotSDKInclude.h */,
				C275628D1DE45368003F5FE0 /* TextViewController.h */,
				C275628E1DE45368003F5FE0 /* TextViewController.m */,
				086AF337251105BA00EDC379 /* GenericTextLineRecognizerDemoViewController.h */,
				086AF336251105BA00EDC379 /* GenericTextLineRecognizerDemoViewController.m */,
				0820226C1F790A19005FF9F2 /* Frameworks */,
				9ED845841AE670CC008B2731 /* Supporting Files */,
			);
			name = DemoApp;
			path = ScanbotSDKDemo;
			sourceTree = SOURCE_ROOT;
		};
		9ED845841AE670CC008B2731 /* Supporting Files */ = {
			isa = PBXGroup;
			children = (
				08A97DE32090BAEF00F84440 /* ScanbotSDKOCRData.bundle */,
				C2F131F82034280300FFF96B /* ScanbotSDKMRZData.bundle */,
				C27562A41DE453B2003F5FE0 /* Info.plist */,
				C27562A51DE453B2003F5FE0 /* main.m */,
				C27562A61DE453B2003F5FE0 /* Media.xcassets */,
				6EE9904B21ECD74F00182A94 /* ScanbotSDKDemo-Bridging-Header.h */,
			);
			name = "Supporting Files";
			sourceTree = "<group>";
		};
		C22FFEFE22FAE4A6006E0862 /* BarcodeScannerDemo */ = {
			isa = PBXGroup;
			children = (
				C22FFF0B22FAEA7A006E0862 /* BarCodeScannerResultsTableViewCell.h */,
				C22FFF0822FAEA7A006E0862 /* BarCodeScannerResultsTableViewCell.m */,
				C22FFF0922FAEA7A006E0862 /* BarCodeScannerResultsTableViewController.h */,
				C22FFF0522FAEA7A006E0862 /* BarCodeScannerResultsTableViewController.m */,
				C22FFF0722FAEA7A006E0862 /* BarCodeScannerViewController.h */,
				C22FFF1022FAEA7A006E0862 /* BarCodeScannerViewController.m */,
				C22FFF1122FAEA7B006E0862 /* BarCodeScannerWithFinderViewController.h */,
				C22FFF0D22FAEA7A006E0862 /* BarCodeScannerWithFinderViewController.m */,
				C22FFF0A22FAEA7A006E0862 /* BarCodesResultDetailsViewController.h */,
				C22FFF0C22FAEA7A006E0862 /* BarCodesResultDetailsViewController.m */,
				C22FFF1222FAEA7B006E0862 /* BarCodeTypesListViewController.h */,
				C22FFF0F22FAEA7A006E0862 /* BarCodeTypesListViewController.m */,
			);
			path = BarcodeScannerDemo;
			sourceTree = "<group>";
		};
		C2B8AC5F2035C5A400F4F48E /* DisabilityCertificatesDemo */ = {
			isa = PBXGroup;
			children = (
				C2B8AC632035C5A400F4F48E /* DisabilityCertificatesLiveDemoViewController.h */,
				C2B8AC602035C5A400F4F48E /* DisabilityCertificatesLiveDemoViewController.m */,
				C2B8AC612035C5A400F4F48E /* DisabilityCertificatesRecognitionDemoViewController.m */,
				C2B8AC622035C5A400F4F48E /* DisabilityCertificatesRecognitionDemoViewController.h */,
				C2B8AC722035C86C00F4F48E /* Results */,
			);
			path = DisabilityCertificatesDemo;
			sourceTree = "<group>";
		};
		C2B8AC722035C86C00F4F48E /* Results */ = {
			isa = PBXGroup;
			children = (
				C2B8AC662035C5DB00F4F48E /* DisabilityCertificatesRecognizerResultViewController.h */,
				C2B8AC672035C5DB00F4F48E /* DisabilityCertificatesRecognizerResultViewController.m */,
				C2B8AC692035C61900F4F48E /* DisabilityCertificatesResultsImageTableViewCell.h */,
				C2B8AC6A2035C61900F4F48E /* DisabilityCertificatesResultsImageTableViewCell.m */,
				C2B8AC6C2035C63100F4F48E /* DisabilityCertificatesResultsCheckboxesInfoTableViewCell.h */,
				C2B8AC6D2035C63100F4F48E /* DisabilityCertificatesResultsCheckboxesInfoTableViewCell.m */,
				C2B8AC6F2035C64400F4F48E /* DisabilityCertificatesResultsDatesInfoTableViewCell.h */,
				C2B8AC702035C64400F4F48E /* DisabilityCertificatesResultsDatesInfoTableViewCell.m */,
			);
			name = Results;
			sourceTree = "<group>";
		};
/* End PBXGroup section */

/* Begin PBXNativeTarget section */
		9ED845801AE670CC008B2731 /* ScanbotSDKDemo */ = {
			isa = PBXNativeTarget;
			buildConfigurationList = 9ED845A41AE670CD008B2731 /* Build configuration list for PBXNativeTarget "ScanbotSDKDemo" */;
			buildPhases = (
				9ED8457E1AE670CC008B2731 /* Frameworks */,
				9ED8457D1AE670CC008B2731 /* Sources */,
				9ED8457F1AE670CC008B2731 /* Resources */,
				9E69F5C41AE7E45500E6131A /* CopyFiles */,
				28D7361A24AE302D00A0B821 /* Embed Frameworks */,
			);
			buildRules = (
			);
			dependencies = (
				287FE72C24AE43F2002569D9 /* PBXTargetDependency */,
			);
			name = ScanbotSDKDemo;
			productName = PayFormScannerDemo;
			productReference = 9ED845811AE670CC008B2731 /* ScanbotSDK Demo.app */;
			productType = "com.apple.product-type.application";
		};
/* End PBXNativeTarget section */

/* Begin PBXProject section */
		9ED845791AE670CC008B2731 /* Project object */ = {
			isa = PBXProject;
			attributes = {
				LastSwiftUpdateCheck = 0730;
				LastUpgradeCheck = 1130;
				ORGANIZATIONNAME = "doo GmbH";
				TargetAttributes = {
					08E3396C23E2EC8000699471 = {
						CreatedOnToolsVersion = 11.3;
						DevelopmentTeam = VZ266K5KCR;
						ProvisioningStyle = Automatic;
					};
					9ED845801AE670CC008B2731 = {
						CreatedOnToolsVersion = 6.3;
						DevelopmentTeam = FRUPYT6KB3;
						LastSwiftMigration = 1130;
						ProvisioningStyle = Automatic;
					};
				};
			};
			buildConfigurationList = 9ED8457C1AE670CC008B2731 /* Build configuration list for PBXProject "ScanbotSDKDemo" */;
			compatibilityVersion = "Xcode 3.2";
			developmentRegion = en;
			hasScannedForEncodings = 0;
			knownRegions = (
				en,
				Base,
			);
			mainGroup = 9ED845781AE670CC008B2731;
			productRefGroup = 9ED845821AE670CC008B2731 /* Products */;
			projectDirPath = "";
			projectRoot = "";
			targets = (
				9ED845801AE670CC008B2731 /* ScanbotSDKDemo */,
				08E3396C23E2EC8000699471 /* Download ScanbotSDK */,
			);
		};
/* End PBXProject section */

/* Begin PBXResourcesBuildPhase section */
		9ED8457F1AE670CC008B2731 /* Resources */ = {
			isa = PBXResourcesBuildPhase;
			buildActionMask = 2147483647;
			files = (
				C27562A91DE453B2003F5FE0 /* Media.xcassets in Resources */,
				C27562961DE45368003F5FE0 /* Main.storyboard in Resources */,
				C2F131F92034280300FFF96B /* ScanbotSDKMRZData.bundle in Resources */,
				08A97DE42090BAEF00F84440 /* ScanbotSDKOCRData.bundle in Resources */,
			);
			runOnlyForDeploymentPostprocessing = 0;
		};
/* End PBXResourcesBuildPhase section */

/* Begin PBXShellScriptBuildPhase section */
		08E3397023E2EC8600699471 /* ShellScript */ = {
			isa = PBXShellScriptBuildPhase;
			buildActionMask = 2147483647;
			files = (
			);
			inputFileListPaths = (
			);
			inputPaths = (
			);
			outputFileListPaths = (
			);
			outputPaths = (
			);
			runOnlyForDeploymentPostprocessing = 0;
			shellPath = /bin/sh;
			shellScript = "#!/bin/bash\n#set -x\nTARGETSDKVERSION=\"1.10.3\"\nZIPFILENAME=\"1.10.3\"\n\nOUTPUTFOLDER=${SRCROOT}\nDOWNLOADFOLDER=${OUTPUTFOLDER}/DownloadTemp\nZIPNAME=${DOWNLOADFOLDER}/SDK.zip\nPLIST=${OUTPUTFOLDER}/ScanbotSDK/ScanbotSDK.framework/Info.plist\n\nif [ -f \"$PLIST\" ]; then\nINSTALLEDVERSION=$(/usr/libexec/PlistBuddy -c 'print \":CFBundleShortVersionString\"' \"$PLIST\")\nelse \nINSTALLEDVERSION=\"None\"\nfi\n\necho \"Installed ScanbotSDK version = ${INSTALLEDVERSION}\"\necho \"Target ScanbotSDK version = ${TARGETSDKVERSION}\"\n\nif [ \"$INSTALLEDVERSION\" = \"$TARGETSDKVERSION\" ]; then\necho \"Installed ScanbotSDK is already up to date.\"\nexit 0\nfi\n\nrm -dfr \"${DOWNLOADFOLDER}\"\nmkdir -p \"${DOWNLOADFOLDER}\"\n\necho \"Downloading ScanbotSDK...\"\n# Example: https://download.scanbot.io/sdk/ios/scanbot-ios-sdk1.9.1.zip\ncurl -s -o ${ZIPNAME} https://download.scanbot.io/sdk/ios/scanbot-ios-sdk${ZIPFILENAME}.zip\n\necho \"Unzipping ScanbotSDK...\"\nrm -dfr \"${OUTPUTFOLDER}/ScanbotSDK\"\nunzip -q ${ZIPNAME} -d ${OUTPUTFOLDER}/\n\necho \"Cleaning up...\"\nrm -dfr \"${DOWNLOADFOLDER}\"\n\necho \"Verifying version...\"\nINSTALLEDVERSION=$(/usr/libexec/PlistBuddy -c 'print \":CFBundleShortVersionString\"' \"$PLIST\")\nif [ \"$INSTALLEDVERSION\" != \"$TARGETSDKVERSION\" ]; then\necho \"error: ScanbotSDK failed updating.\"\nexit -1\nfi\n\necho \"Finished installing ScanbotSDK\"\n\n# Type a script or drag a script file from your workspace to insert its path.\n";
		};
/* End PBXShellScriptBuildPhase section */

/* Begin PBXSourcesBuildPhase section */
		9ED8457D1AE670CC008B2731 /* Sources */ = {
			isa = PBXSourcesBuildPhase;
			buildActionMask = 2147483647;
			files = (
				69CF30B923015C7800AA5A07 /* EHICDemoViewController.m in Sources */,
				C22FFF1622FAEA7B006E0862 /* BarCodeScannerWithFinderViewController.m in Sources */,
				C275629A1DE45368003F5FE0 /* TextViewController.m in Sources */,
				C27562A11DE45393003F5FE0 /* DemoSelectionTableViewController.m in Sources */,
				28D7361324AE2D8100A0B821 /* IDCardScannerViewController.m in Sources */,
				C22FFF1422FAEA7B006E0862 /* BarCodeScannerResultsTableViewCell.m in Sources */,
				08716C81220DC4D700119B9C /* BusinessCardsDemoViewController.m in Sources */,
				C27562991DE45368003F5FE0 /* DemoPDFViewController.m in Sources */,
				28B21DBB23E3000E002D2621 /* AdjustableFiltersTableViewController.m in Sources */,
				28D7361124AE2D8100A0B821 /* IDCardResultGeneralTableViewCell.m in Sources */,
				C27562A81DE453B2003F5FE0 /* main.m in Sources */,
				C275628F1DE45368003F5FE0 /* AppDelegate.m in Sources */,
				28D7361024AE2D8100A0B821 /* IDCardScannerResultViewController.m in Sources */,
				08299BC41FC5822F00E01F0E /* UnfoldTransition.m in Sources */,
				C22FFF1922FAEA7B006E0862 /* BarCodeScannerViewController.m in Sources */,
				28B21DC223E313C2002D2621 /* FilterTableViewCell.m in Sources */,
				C2B8AC652035C5A500F4F48E /* DisabilityCertificatesRecognitionDemoViewController.m in Sources */,
				C27562981DE45368003F5FE0 /* PayformDemoViewController.m in Sources */,
				C2B8AC6E2035C63100F4F48E /* DisabilityCertificatesResultsCheckboxesInfoTableViewCell.m in Sources */,
				C2B8AC682035C5DB00F4F48E /* DisabilityCertificatesRecognizerResultViewController.m in Sources */,
				C27562941DE45368003F5FE0 /* DocumentDemoViewController.m in Sources */,
				6EE9904F21ECED1D00182A94 /* ScanResultViewController.swift in Sources */,
				08716C82220DC4D700119B9C /* BusinessCardDetailDemoViewController.m in Sources */,
				C27562901DE45368003F5FE0 /* ChequeViewController.m in Sources */,
				C2B8AC6B2035C61900F4F48E /* DisabilityCertificatesResultsImageTableViewCell.m in Sources */,
				C27562931DE45368003F5FE0 /* DocumentDemoNavigationViewController.m in Sources */,
				C22FFF1522FAEA7B006E0862 /* BarCodesResultDetailsViewController.m in Sources */,
				086AF338251105BA00EDC379 /* GenericTextLineRecognizerDemoViewController.m in Sources */,
				C27562921DE45368003F5FE0 /* DemoViewController.m in Sources */,
				08716C83220DC4D700119B9C /* BusinessCardDemoCell.m in Sources */,
				C22FFF1322FAEA7B006E0862 /* BarCodeScannerResultsTableViewController.m in Sources */,
				28B21DBF23E31219002D2621 /* FilterModel.m in Sources */,
				6954AEA624E52EF600005627 /* PassportReaderViewController.m in Sources */,
				C22FFF1822FAEA7B006E0862 /* BarCodeTypesListViewController.m in Sources */,
				6954AEA424E52EF600005627 /* PassportReaderResultTextTableViewCell.m in Sources */,
				C2B8AC642035C5A500F4F48E /* DisabilityCertificatesLiveDemoViewController.m in Sources */,
				C29DC071204D915900059670 /* TIFFDemoViewController.m in Sources */,
				6954AEA724E52EF600005627 /* PassportReaderResultImageTableViewCell.m in Sources */,
				6EE9904D21ECD75000182A94 /* AspectRatioDocumentDemoViewController.swift in Sources */,
				6954AEA524E52EF600005627 /* PassportReaderResultsViewController.m in Sources */,
				C2B8AC712035C64400F4F48E /* DisabilityCertificatesResultsDatesInfoTableViewCell.m in Sources */,
				08F1452C24B491E900B7E244 /* BlurrinessEstimatorDemoViewController.m in Sources */,
				C2F131F12034237A00FFF96B /* MRZDemoViewController.m in Sources */,
				28D7361224AE2D8100A0B821 /* IDCardResultFieldTableViewCell.m in Sources */,
			);
			runOnlyForDeploymentPostprocessing = 0;
		};
/* End PBXSourcesBuildPhase section */

/* Begin PBXTargetDependency section */
		287FE72C24AE43F2002569D9 /* PBXTargetDependency */ = {
			isa = PBXTargetDependency;
			target = 08E3396C23E2EC8000699471 /* Download ScanbotSDK */;
			targetProxy = 287FE72B24AE43F2002569D9 /* PBXContainerItemProxy */;
		};
/* End PBXTargetDependency section */

/* Begin XCBuildConfiguration section */
		08E3396D23E2EC8000699471 /* Debug */ = {
			isa = XCBuildConfiguration;
			buildSettings = {
				CODE_SIGN_STYLE = Automatic;
				DEVELOPMENT_TEAM = VZ266K5KCR;
				PRODUCT_NAME = "$(TARGET_NAME)";
			};
			name = Debug;
		};
		08E3396E23E2EC8000699471 /* Release */ = {
			isa = XCBuildConfiguration;
			buildSettings = {
				CODE_SIGN_STYLE = Automatic;
				DEVELOPMENT_TEAM = VZ266K5KCR;
				PRODUCT_NAME = "$(TARGET_NAME)";
			};
			name = Release;
		};
		9ED845A21AE670CD008B2731 /* Debug */ = {
			isa = XCBuildConfiguration;
			buildSettings = {
				ALWAYS_SEARCH_USER_PATHS = NO;
				CLANG_ANALYZER_LOCALIZABILITY_NONLOCALIZED = YES;
				CLANG_CXX_LANGUAGE_STANDARD = "gnu++0x";
				CLANG_CXX_LIBRARY = "libc++";
				CLANG_ENABLE_MODULES = YES;
				CLANG_ENABLE_OBJC_ARC = YES;
				CLANG_WARN_BLOCK_CAPTURE_AUTORELEASING = YES;
				CLANG_WARN_BOOL_CONVERSION = YES;
				CLANG_WARN_COMMA = YES;
				CLANG_WARN_CONSTANT_CONVERSION = YES;
				CLANG_WARN_DEPRECATED_OBJC_IMPLEMENTATIONS = YES;
				CLANG_WARN_DIRECT_OBJC_ISA_USAGE = YES_ERROR;
				CLANG_WARN_EMPTY_BODY = YES;
				CLANG_WARN_ENUM_CONVERSION = YES;
				CLANG_WARN_INFINITE_RECURSION = YES;
				CLANG_WARN_INT_CONVERSION = YES;
				CLANG_WARN_NON_LITERAL_NULL_CONVERSION = YES;
				CLANG_WARN_OBJC_IMPLICIT_RETAIN_SELF = YES;
				CLANG_WARN_OBJC_LITERAL_CONVERSION = YES;
				CLANG_WARN_OBJC_ROOT_CLASS = YES_ERROR;
				CLANG_WARN_RANGE_LOOP_ANALYSIS = YES;
				CLANG_WARN_STRICT_PROTOTYPES = YES;
				CLANG_WARN_SUSPICIOUS_MOVE = YES;
				CLANG_WARN_UNREACHABLE_CODE = YES;
				CLANG_WARN__DUPLICATE_METHOD_MATCH = YES;
				"CODE_SIGN_IDENTITY[sdk=iphoneos*]" = "iPhone Developer";
				COPY_PHASE_STRIP = NO;
				DEBUG_INFORMATION_FORMAT = "dwarf-with-dsym";
				ENABLE_STRICT_OBJC_MSGSEND = YES;
				ENABLE_TESTABILITY = YES;
				GCC_C_LANGUAGE_STANDARD = gnu99;
				GCC_DYNAMIC_NO_PIC = NO;
				GCC_NO_COMMON_BLOCKS = YES;
				GCC_OPTIMIZATION_LEVEL = 0;
				GCC_PREPROCESSOR_DEFINITIONS = (
					"DEBUG=1",
					"$(inherited)",
				);
				GCC_SYMBOLS_PRIVATE_EXTERN = NO;
				GCC_WARN_64_TO_32_BIT_CONVERSION = YES;
				GCC_WARN_ABOUT_RETURN_TYPE = YES_ERROR;
				GCC_WARN_UNDECLARED_SELECTOR = YES;
				GCC_WARN_UNINITIALIZED_AUTOS = YES_AGGRESSIVE;
				GCC_WARN_UNUSED_FUNCTION = YES;
				GCC_WARN_UNUSED_VARIABLE = YES;
				IPHONEOS_DEPLOYMENT_TARGET = 8.3;
				MTL_ENABLE_DEBUG_INFO = YES;
				ONLY_ACTIVE_ARCH = YES;
				SDKROOT = iphoneos;
				TARGETED_DEVICE_FAMILY = "1,2";
			};
			name = Debug;
		};
		9ED845A31AE670CD008B2731 /* Release */ = {
			isa = XCBuildConfiguration;
			buildSettings = {
				ALWAYS_SEARCH_USER_PATHS = NO;
				CLANG_ANALYZER_LOCALIZABILITY_NONLOCALIZED = YES;
				CLANG_CXX_LANGUAGE_STANDARD = "gnu++0x";
				CLANG_CXX_LIBRARY = "libc++";
				CLANG_ENABLE_MODULES = YES;
				CLANG_ENABLE_OBJC_ARC = YES;
				CLANG_WARN_BLOCK_CAPTURE_AUTORELEASING = YES;
				CLANG_WARN_BOOL_CONVERSION = YES;
				CLANG_WARN_COMMA = YES;
				CLANG_WARN_CONSTANT_CONVERSION = YES;
				CLANG_WARN_DEPRECATED_OBJC_IMPLEMENTATIONS = YES;
				CLANG_WARN_DIRECT_OBJC_ISA_USAGE = YES_ERROR;
				CLANG_WARN_EMPTY_BODY = YES;
				CLANG_WARN_ENUM_CONVERSION = YES;
				CLANG_WARN_INFINITE_RECURSION = YES;
				CLANG_WARN_INT_CONVERSION = YES;
				CLANG_WARN_NON_LITERAL_NULL_CONVERSION = YES;
				CLANG_WARN_OBJC_IMPLICIT_RETAIN_SELF = YES;
				CLANG_WARN_OBJC_LITERAL_CONVERSION = YES;
				CLANG_WARN_OBJC_ROOT_CLASS = YES_ERROR;
				CLANG_WARN_RANGE_LOOP_ANALYSIS = YES;
				CLANG_WARN_STRICT_PROTOTYPES = YES;
				CLANG_WARN_SUSPICIOUS_MOVE = YES;
				CLANG_WARN_UNREACHABLE_CODE = YES;
				CLANG_WARN__DUPLICATE_METHOD_MATCH = YES;
				"CODE_SIGN_IDENTITY[sdk=iphoneos*]" = "iPhone Developer";
				COPY_PHASE_STRIP = NO;
				DEBUG_INFORMATION_FORMAT = "dwarf-with-dsym";
				ENABLE_NS_ASSERTIONS = NO;
				ENABLE_STRICT_OBJC_MSGSEND = YES;
				GCC_C_LANGUAGE_STANDARD = gnu99;
				GCC_NO_COMMON_BLOCKS = YES;
				GCC_WARN_64_TO_32_BIT_CONVERSION = YES;
				GCC_WARN_ABOUT_RETURN_TYPE = YES_ERROR;
				GCC_WARN_UNDECLARED_SELECTOR = YES;
				GCC_WARN_UNINITIALIZED_AUTOS = YES_AGGRESSIVE;
				GCC_WARN_UNUSED_FUNCTION = YES;
				GCC_WARN_UNUSED_VARIABLE = YES;
				IPHONEOS_DEPLOYMENT_TARGET = 8.3;
				MTL_ENABLE_DEBUG_INFO = NO;
				SDKROOT = iphoneos;
				SWIFT_COMPILATION_MODE = wholemodule;
				TARGETED_DEVICE_FAMILY = "1,2";
				VALIDATE_PRODUCT = YES;
			};
			name = Release;
		};
		9ED845A51AE670CD008B2731 /* Debug */ = {
			isa = XCBuildConfiguration;
			buildSettings = {
				ASSETCATALOG_COMPILER_APPICON_NAME = AppIcon;
				CLANG_CXX_LANGUAGE_STANDARD = "c++14";
				CLANG_CXX_LIBRARY = "libc++";
				CLANG_ENABLE_MODULES = YES;
				CODE_SIGN_ENTITLEMENTS = "ScanbotSDKDemo/ScanbotSDK Demo.entitlements";
				CODE_SIGN_IDENTITY = "iPhone Developer";
				"CODE_SIGN_IDENTITY[sdk=iphoneos*]" = "iPhone Developer";
				DEVELOPMENT_TEAM = FRUPYT6KB3;
				ENABLE_BITCODE = YES;
				FRAMEWORK_SEARCH_PATHS = (
					"$(inherited)",
					"$(PROJECT_DIR)/ScanbotSDK",
				);
				GCC_PREPROCESSOR_DEFINITIONS = (
					"DEBUG=1",
					"$(inherited)",
				);
				INFOPLIST_FILE = "$(SRCROOT)/ScanbotSDKDemo/Info.plist";
				IPHONEOS_DEPLOYMENT_TARGET = 11.0;
				LD_RUNPATH_SEARCH_PATHS = "$(inherited) @executable_path/Frameworks";
				LIBRARY_SEARCH_PATHS = "$(inherited)";
				OTHER_LDFLAGS = "-ObjC";
				PRODUCT_BUNDLE_IDENTIFIER = io.scanbot.example.sdk.ios.classic;
				PRODUCT_NAME = "ScanbotSDK Demo";
				PROVISIONING_PROFILE = "";
				SWIFT_OBJC_BRIDGING_HEADER = "ScanbotSDKDemo/ScanbotSDKDemo-Bridging-Header.h";
				SWIFT_OPTIMIZATION_LEVEL = "-Onone";
				SWIFT_VERSION = 5.0;
				USER_HEADER_SEARCH_PATHS = "";
			};
			name = Debug;
		};
		9ED845A61AE670CD008B2731 /* Release */ = {
			isa = XCBuildConfiguration;
			buildSettings = {
				ASSETCATALOG_COMPILER_APPICON_NAME = AppIcon;
				CLANG_CXX_LANGUAGE_STANDARD = "c++14";
				CLANG_CXX_LIBRARY = "libc++";
				CLANG_ENABLE_MODULES = YES;
				CODE_SIGN_ENTITLEMENTS = "ScanbotSDKDemo/ScanbotSDK Demo.entitlements";
				CODE_SIGN_IDENTITY = "iPhone Developer";
				"CODE_SIGN_IDENTITY[sdk=iphoneos*]" = "iPhone Developer";
				DEVELOPMENT_TEAM = FRUPYT6KB3;
				ENABLE_BITCODE = YES;
				FRAMEWORK_SEARCH_PATHS = (
					"$(inherited)",
					"$(PROJECT_DIR)/ScanbotSDK",
				);
				INFOPLIST_FILE = "$(SRCROOT)/ScanbotSDKDemo/Info.plist";
				IPHONEOS_DEPLOYMENT_TARGET = 11.0;
				LD_RUNPATH_SEARCH_PATHS = "$(inherited) @executable_path/Frameworks";
				LIBRARY_SEARCH_PATHS = "$(inherited)";
				OTHER_LDFLAGS = "-ObjC";
				PRODUCT_BUNDLE_IDENTIFIER = io.scanbot.example.sdk.ios.classic;
				PRODUCT_NAME = "ScanbotSDK Demo";
				PROVISIONING_PROFILE = "";
				SWIFT_OBJC_BRIDGING_HEADER = "ScanbotSDKDemo/ScanbotSDKDemo-Bridging-Header.h";
				SWIFT_VERSION = 5.0;
				USER_HEADER_SEARCH_PATHS = "";
			};
			name = Release;
		};
/* End XCBuildConfiguration section */

/* Begin XCConfigurationList section */
		08E3396F23E2EC8000699471 /* Build configuration list for PBXAggregateTarget "Download ScanbotSDK" */ = {
			isa = XCConfigurationList;
			buildConfigurations = (
				08E3396D23E2EC8000699471 /* Debug */,
				08E3396E23E2EC8000699471 /* Release */,
			);
			defaultConfigurationIsVisible = 0;
			defaultConfigurationName = Release;
		};
		9ED8457C1AE670CC008B2731 /* Build configuration list for PBXProject "ScanbotSDKDemo" */ = {
			isa = XCConfigurationList;
			buildConfigurations = (
				9ED845A21AE670CD008B2731 /* Debug */,
				9ED845A31AE670CD008B2731 /* Release */,
			);
			defaultConfigurationIsVisible = 0;
			defaultConfigurationName = Release;
		};
		9ED845A41AE670CD008B2731 /* Build configuration list for PBXNativeTarget "ScanbotSDKDemo" */ = {
			isa = XCConfigurationList;
			buildConfigurations = (
				9ED845A51AE670CD008B2731 /* Debug */,
				9ED845A61AE670CD008B2731 /* Release */,
			);
			defaultConfigurationIsVisible = 0;
			defaultConfigurationName = Release;
		};
/* End XCConfigurationList section */
	};
	rootObject = 9ED845791AE670CC008B2731 /* Project object */;
}
