{
  "originHash" : "62592ccb8c541cceb23c102892b2e197665b13a14f50667499169d28e55419c0",
  "pins" : [
    {
      "identity" : "scanbot-sdk-ios-spm",
      "kind" : "remoteSourceControl",
      "location" : "https://github.com/doo/scanbot-sdk-ios-spm.git",
      "state" : {
        "revision" : "8570bc12be5c04c2cba8732deb9539843afe342a",
        "version" : "7.1.2"
      }
    }
  ],
  "version" : 3
}
