{
  "object": {
    "pins": [
      {
        "package": "ScanbotSDK",
        "repositoryURL": "git@github.com:doo/scanbot-sdk-ios-spm.git",
        "state": {
          "branch": null,
          "revision": "4dab8e416c5052bcf41e39199a432fce6c615781",
          "version": "1.21.1"
        }
      }
    ]
  },
  "version": 1
}
