{
  "originHash" : "62592ccb8c541cceb23c102892b2e197665b13a14f50667499169d28e55419c0",
  "pins" : [
    {
      "identity" : "scanbot-sdk-ios-spm",
      "kind" : "remoteSourceControl",
      "location" : "https://github.com/doo/scanbot-sdk-ios-spm.git",
      "state" : {
        "revision" : "ebb3e998668ad4047e57cac1480a3cf9bb61683a",
        "version" : "7.0.0-RC7"
      }
    }
  ],
  "version" : 3
}
