// !$*UTF8*$!
{
	archiveVersion = 1;
	classes = {
	};
	objectVersion = 50;
	objects = {

/* Begin PBXBuildFile section */
		082D0A3320C801AA009B1A7A /* AppDelegate.swift in Sources */ = {isa = PBXBuildFile; fileRef = 082D0A3220C801AA009B1A7A /* AppDelegate.swift */; };
		082D0A3820C801AB009B1A7A /* Main.storyboard in Resources */ = {isa = PBXBuildFile; fileRef = 082D0A3620C801AB009B1A7A /* Main.storyboard */; };
		082D0A3A20C801AB009B1A7A /* Assets.xcassets in Resources */ = {isa = PBXBuildFile; fileRef = 082D0A3920C801AB009B1A7A /* Assets.xcassets */; };
		082D0A3D20C801AB009B1A7A /* LaunchScreen.storyboard in Resources */ = {isa = PBXBuildFile; fileRef = 082D0A3B20C801AB009B1A7A /* LaunchScreen.storyboard */; };
		082D0A4520C8022A009B1A7A /* ScanbotSDK.framework in Frameworks */ = {isa = PBXBuildFile; fileRef = 082D0A4420C8022A009B1A7A /* ScanbotSDK.framework */; };
		082D0A4620C8022A009B1A7A /* ScanbotSDK.framework in Embed Frameworks */ = {isa = PBXBuildFile; fileRef = 082D0A4420C8022A009B1A7A /* ScanbotSDK.framework */; settings = {ATTRIBUTES = (CodeSignOnCopy, RemoveHeadersOnCopy, ); }; };
		082D0A4E20C802B7009B1A7A /* ScanbotSDKCreditCardData.bundle in Resources */ = {isa = PBXBuildFile; fileRef = 082D0A4B20C802B7009B1A7A /* ScanbotSDKCreditCardData.bundle */; };
		082D0A4F20C802B7009B1A7A /* ScanbotSDKMRZData.bundle in Resources */ = {isa = PBXBuildFile; fileRef = 082D0A4C20C802B7009B1A7A /* ScanbotSDKMRZData.bundle */; };
		082D0A5020C802B7009B1A7A /* ScanbotSDKOCRData.bundle in Resources */ = {isa = PBXBuildFile; fileRef = 082D0A4D20C802B7009B1A7A /* ScanbotSDKOCRData.bundle */; };
		082D0A5E20C81760009B1A7A /* MainViewController.swift in Sources */ = {isa = PBXBuildFile; fileRef = 082D0A5B20C81760009B1A7A /* MainViewController.swift */; };
		082D0A5F20C81760009B1A7A /* MainTableActionHandler.swift in Sources */ = {isa = PBXBuildFile; fileRef = 082D0A5C20C81760009B1A7A /* MainTableActionHandler.swift */; };
		082D0A6020C81760009B1A7A /* MainTableViewItemProvider.swift in Sources */ = {isa = PBXBuildFile; fileRef = 082D0A5D20C81760009B1A7A /* MainTableViewItemProvider.swift */; };
		082D0A6220C82710009B1A7A /* UIAlertControllerExtensions.swift in Sources */ = {isa = PBXBuildFile; fileRef = 082D0A6120C82710009B1A7A /* UIAlertControllerExtensions.swift */; };
		082D0A6520C82CE3009B1A7A /* ImageBrowserViewController.swift in Sources */ = {isa = PBXBuildFile; fileRef = 082D0A6420C82CE3009B1A7A /* ImageBrowserViewController.swift */; };
		082D0A6720C8303C009B1A7A /* ImageBrowserCollectionViewCell.swift in Sources */ = {isa = PBXBuildFile; fileRef = 082D0A6620C8303C009B1A7A /* ImageBrowserCollectionViewCell.swift */; };
/* End PBXBuildFile section */

/* Begin PBXCopyFilesBuildPhase section */
		082D0A4720C8022A009B1A7A /* Embed Frameworks */ = {
			isa = PBXCopyFilesBuildPhase;
			buildActionMask = 2147483647;
			dstPath = "";
			dstSubfolderSpec = 10;
			files = (
				082D0A4620C8022A009B1A7A /* ScanbotSDK.framework in Embed Frameworks */,
			);
			name = "Embed Frameworks";
			runOnlyForDeploymentPostprocessing = 0;
		};
/* End PBXCopyFilesBuildPhase section */

/* Begin PBXFileReference section */
		082D0A2F20C801AA009B1A7A /* ReadyToUseUIDemo.app */ = {isa = PBXFileReference; explicitFileType = wrapper.application; includeInIndex = 0; path = ReadyToUseUIDemo.app; sourceTree = BUILT_PRODUCTS_DIR; };
		082D0A3220C801AA009B1A7A /* AppDelegate.swift */ = {isa = PBXFileReference; lastKnownFileType = sourcecode.swift; path = AppDelegate.swift; sourceTree = "<group>"; };
		082D0A3720C801AB009B1A7A /* Base */ = {isa = PBXFileReference; lastKnownFileType = file.storyboard; name = Base; path = Base.lproj/Main.storyboard; sourceTree = "<group>"; };
		082D0A3920C801AB009B1A7A /* Assets.xcassets */ = {isa = PBXFileReference; lastKnownFileType = folder.assetcatalog; path = Assets.xcassets; sourceTree = "<group>"; };
		082D0A3C20C801AB009B1A7A /* Base */ = {isa = PBXFileReference; lastKnownFileType = file.storyboard; name = Base; path = Base.lproj/LaunchScreen.storyboard; sourceTree = "<group>"; };
		082D0A3E20C801AB009B1A7A /* Info.plist */ = {isa = PBXFileReference; lastKnownFileType = text.plist.xml; path = Info.plist; sourceTree = "<group>"; };
		082D0A4420C8022A009B1A7A /* ScanbotSDK.framework */ = {isa = PBXFileReference; lastKnownFileType = wrapper.framework; name = ScanbotSDK.framework; path = ScanbotSDK/ScanbotSDK.framework; sourceTree = "<group>"; };
		082D0A4B20C802B7009B1A7A /* ScanbotSDKCreditCardData.bundle */ = {isa = PBXFileReference; lastKnownFileType = "wrapper.plug-in"; name = ScanbotSDKCreditCardData.bundle; path = ScanbotSDK/AdditionalData/ScanbotSDKCreditCardData.bundle; sourceTree = "<group>"; };
		082D0A4C20C802B7009B1A7A /* ScanbotSDKMRZData.bundle */ = {isa = PBXFileReference; lastKnownFileType = "wrapper.plug-in"; name = ScanbotSDKMRZData.bundle; path = ScanbotSDK/AdditionalData/ScanbotSDKMRZData.bundle; sourceTree = "<group>"; };
		082D0A4D20C802B7009B1A7A /* ScanbotSDKOCRData.bundle */ = {isa = PBXFileReference; lastKnownFileType = "wrapper.plug-in"; name = ScanbotSDKOCRData.bundle; path = ScanbotSDK/AdditionalData/ScanbotSDKOCRData.bundle; sourceTree = "<group>"; };
		082D0A5B20C81760009B1A7A /* MainViewController.swift */ = {isa = PBXFileReference; fileEncoding = 4; lastKnownFileType = sourcecode.swift; path = MainViewController.swift; sourceTree = "<group>"; };
		082D0A5C20C81760009B1A7A /* MainTableActionHandler.swift */ = {isa = PBXFileReference; fileEncoding = 4; lastKnownFileType = sourcecode.swift; path = MainTableActionHandler.swift; sourceTree = "<group>"; };
		082D0A5D20C81760009B1A7A /* MainTableViewItemProvider.swift */ = {isa = PBXFileReference; fileEncoding = 4; lastKnownFileType = sourcecode.swift; path = MainTableViewItemProvider.swift; sourceTree = "<group>"; };
		082D0A6120C82710009B1A7A /* UIAlertControllerExtensions.swift */ = {isa = PBXFileReference; lastKnownFileType = sourcecode.swift; path = UIAlertControllerExtensions.swift; sourceTree = "<group>"; };
		082D0A6420C82CE3009B1A7A /* ImageBrowserViewController.swift */ = {isa = PBXFileReference; lastKnownFileType = sourcecode.swift; path = ImageBrowserViewController.swift; sourceTree = "<group>"; };
		082D0A6620C8303C009B1A7A /* ImageBrowserCollectionViewCell.swift */ = {isa = PBXFileReference; lastKnownFileType = sourcecode.swift; path = ImageBrowserCollectionViewCell.swift; sourceTree = "<group>"; };
/* End PBXFileReference section */

/* Begin PBXFrameworksBuildPhase section */
		082D0A2C20C801AA009B1A7A /* Frameworks */ = {
			isa = PBXFrameworksBuildPhase;
			buildActionMask = 2147483647;
			files = (
				082D0A4520C8022A009B1A7A /* ScanbotSDK.framework in Frameworks */,
			);
			runOnlyForDeploymentPostprocessing = 0;
		};
/* End PBXFrameworksBuildPhase section */

/* Begin PBXGroup section */
		082D0A2620C801AA009B1A7A = {
			isa = PBXGroup;
			children = (
				082D0A3120C801AA009B1A7A /* ReadyToUseUIDemo */,
				082D0A4920C80261009B1A7A /* Frameworks */,
				082D0A3020C801AA009B1A7A /* Products */,
			);
			sourceTree = "<group>";
		};
		082D0A3020C801AA009B1A7A /* Products */ = {
			isa = PBXGroup;
			children = (
				082D0A2F20C801AA009B1A7A /* ReadyToUseUIDemo.app */,
			);
			name = Products;
			sourceTree = "<group>";
		};
		082D0A3120C801AA009B1A7A /* ReadyToUseUIDemo */ = {
			isa = PBXGroup;
			children = (
				082D0A6320C82CC3009B1A7A /* Browser UI */,
				082D0A5A20C81760009B1A7A /* Main UI */,
				082D0A3220C801AA009B1A7A /* AppDelegate.swift */,
				082D0A3620C801AB009B1A7A /* Main.storyboard */,
				082D0A3920C801AB009B1A7A /* Assets.xcassets */,
				082D0A3B20C801AB009B1A7A /* LaunchScreen.storyboard */,
				082D0A3E20C801AB009B1A7A /* Info.plist */,
			);
			path = ReadyToUseUIDemo;
			sourceTree = "<group>";
		};
		082D0A4920C80261009B1A7A /* Frameworks */ = {
			isa = PBXGroup;
			children = (
				082D0A4B20C802B7009B1A7A /* ScanbotSDKCreditCardData.bundle */,
				082D0A4C20C802B7009B1A7A /* ScanbotSDKMRZData.bundle */,
				082D0A4D20C802B7009B1A7A /* ScanbotSDKOCRData.bundle */,
				082D0A4420C8022A009B1A7A /* ScanbotSDK.framework */,
			);
			name = Frameworks;
			sourceTree = "<group>";
		};
		082D0A5A20C81760009B1A7A /* Main UI */ = {
			isa = PBXGroup;
			children = (
				082D0A6120C82710009B1A7A /* UIAlertControllerExtensions.swift */,
				082D0A5B20C81760009B1A7A /* MainViewController.swift */,
				082D0A5C20C81760009B1A7A /* MainTableActionHandler.swift */,
				082D0A5D20C81760009B1A7A /* MainTableViewItemProvider.swift */,
			);
			path = "Main UI";
			sourceTree = "<group>";
		};
		082D0A6320C82CC3009B1A7A /* Browser UI */ = {
			isa = PBXGroup;
			children = (
				082D0A6620C8303C009B1A7A /* ImageBrowserCollectionViewCell.swift */,
				082D0A6420C82CE3009B1A7A /* ImageBrowserViewController.swift */,
			);
			path = "Browser UI";
			sourceTree = "<group>";
		};
/* End PBXGroup section */

/* Begin PBXNativeTarget section */
		082D0A2E20C801AA009B1A7A /* ReadyToUseUIDemo */ = {
			isa = PBXNativeTarget;
			buildConfigurationList = 082D0A4120C801AB009B1A7A /* Build configuration list for PBXNativeTarget "ReadyToUseUIDemo" */;
			buildPhases = (
				082D0A2B20C801AA009B1A7A /* Sources */,
				082D0A2C20C801AA009B1A7A /* Frameworks */,
				082D0A2D20C801AA009B1A7A /* Resources */,
				082D0A4720C8022A009B1A7A /* Embed Frameworks */,
			);
			buildRules = (
			);
			dependencies = (
			);
			name = ReadyToUseUIDemo;
			productName = ReadyToUseUIDemo;
			productReference = 082D0A2F20C801AA009B1A7A /* ReadyToUseUIDemo.app */;
			productType = "com.apple.product-type.application";
		};
/* End PBXNativeTarget section */

/* Begin PBXProject section */
		082D0A2720C801AA009B1A7A /* Project object */ = {
			isa = PBXProject;
			attributes = {
				LastSwiftUpdateCheck = 0940;
				LastUpgradeCheck = 0940;
				ORGANIZATIONNAME = "doo GmbH";
				TargetAttributes = {
					082D0A2E20C801AA009B1A7A = {
						CreatedOnToolsVersion = 9.4;
					};
				};
			};
			buildConfigurationList = 082D0A2A20C801AA009B1A7A /* Build configuration list for PBXProject "ReadyToUseUIDemo" */;
			compatibilityVersion = "Xcode 9.3";
			developmentRegion = en;
			hasScannedForEncodings = 0;
			knownRegions = (
				en,
				Base,
			);
			mainGroup = 082D0A2620C801AA009B1A7A;
			productRefGroup = 082D0A3020C801AA009B1A7A /* Products */;
			projectDirPath = "";
			projectRoot = "";
			targets = (
				082D0A2E20C801AA009B1A7A /* ReadyToUseUIDemo */,
			);
		};
/* End PBXProject section */

/* Begin PBXResourcesBuildPhase section */
		082D0A2D20C801AA009B1A7A /* Resources */ = {
			isa = PBXResourcesBuildPhase;
			buildActionMask = 2147483647;
			files = (
				082D0A5020C802B7009B1A7A /* ScanbotSDKOCRData.bundle in Resources */,
				082D0A3D20C801AB009B1A7A /* LaunchScreen.storyboard in Resources */,
				082D0A3A20C801AB009B1A7A /* Assets.xcassets in Resources */,
				082D0A4F20C802B7009B1A7A /* ScanbotSDKMRZData.bundle in Resources */,
				082D0A4E20C802B7009B1A7A /* ScanbotSDKCreditCardData.bundle in Resources */,
				082D0A3820C801AB009B1A7A /* Main.storyboard in Resources */,
			);
			runOnlyForDeploymentPostprocessing = 0;
		};
/* End PBXResourcesBuildPhase section */

/* Begin PBXSourcesBuildPhase section */
		082D0A2B20C801AA009B1A7A /* Sources */ = {
			isa = PBXSourcesBuildPhase;
			buildActionMask = 2147483647;
			files = (
				082D0A6020C81760009B1A7A /* MainTableViewItemProvider.swift in Sources */,
				082D0A3320C801AA009B1A7A /* AppDelegate.swift in Sources */,
				082D0A6220C82710009B1A7A /* UIAlertControllerExtensions.swift in Sources */,
				082D0A5E20C81760009B1A7A /* MainViewController.swift in Sources */,
				082D0A6720C8303C009B1A7A /* ImageBrowserCollectionViewCell.swift in Sources */,
				082D0A6520C82CE3009B1A7A /* ImageBrowserViewController.swift in Sources */,
				082D0A5F20C81760009B1A7A /* MainTableActionHandler.swift in Sources */,
			);
			runOnlyForDeploymentPostprocessing = 0;
		};
/* End PBXSourcesBuildPhase section */

/* Begin PBXVariantGroup section */
		082D0A3620C801AB009B1A7A /* Main.storyboard */ = {
			isa = PBXVariantGroup;
			children = (
				082D0A3720C801AB009B1A7A /* Base */,
			);
			name = Main.storyboard;
			sourceTree = "<group>";
		};
		082D0A3B20C801AB009B1A7A /* LaunchScreen.storyboard */ = {
			isa = PBXVariantGroup;
			children = (
				082D0A3C20C801AB009B1A7A /* Base */,
			);
			name = LaunchScreen.storyboard;
			sourceTree = "<group>";
		};
/* End PBXVariantGroup section */

/* Begin XCBuildConfiguration section */
		082D0A3F20C801AB009B1A7A /* Debug */ = {
			isa = XCBuildConfiguration;
			buildSettings = {
				ALWAYS_SEARCH_USER_PATHS = NO;
				CLANG_ANALYZER_NONNULL = YES;
				CLANG_ANALYZER_NUMBER_OBJECT_CONVERSION = YES_AGGRESSIVE;
				CLANG_CXX_LANGUAGE_STANDARD = "gnu++14";
				CLANG_CXX_LIBRARY = "libc++";
				CLANG_ENABLE_MODULES = YES;
				CLANG_ENABLE_OBJC_ARC = YES;
				CLANG_ENABLE_OBJC_WEAK = YES;
				CLANG_WARN_BLOCK_CAPTURE_AUTORELEASING = YES;
				CLANG_WARN_BOOL_CONVERSION = YES;
				CLANG_WARN_COMMA = YES;
				CLANG_WARN_CONSTANT_CONVERSION = YES;
				CLANG_WARN_DEPRECATED_OBJC_IMPLEMENTATIONS = YES;
				CLANG_WARN_DIRECT_OBJC_ISA_USAGE = YES_ERROR;
				CLANG_WARN_DOCUMENTATION_COMMENTS = YES;
				CLANG_WARN_EMPTY_BODY = YES;
				CLANG_WARN_ENUM_CONVERSION = YES;
				CLANG_WARN_INFINITE_RECURSION = YES;
				CLANG_WARN_INT_CONVERSION = YES;
				CLANG_WARN_NON_LITERAL_NULL_CONVERSION = YES;
				CLANG_WARN_OBJC_IMPLICIT_RETAIN_SELF = YES;
				CLANG_WARN_OBJC_LITERAL_CONVERSION = YES;
				CLANG_WARN_OBJC_ROOT_CLASS = YES_ERROR;
				CLANG_WARN_RANGE_LOOP_ANALYSIS = YES;
				CLANG_WARN_STRICT_PROTOTYPES = YES;
				CLANG_WARN_SUSPICIOUS_MOVE = YES;
				CLANG_WARN_UNGUARDED_AVAILABILITY = YES_AGGRESSIVE;
				CLANG_WARN_UNREACHABLE_CODE = YES;
				CLANG_WARN__DUPLICATE_METHOD_MATCH = YES;
				CODE_SIGN_IDENTITY = "iPhone Developer";
				COPY_PHASE_STRIP = NO;
				DEBUG_INFORMATION_FORMAT = dwarf;
				ENABLE_STRICT_OBJC_MSGSEND = YES;
				ENABLE_TESTABILITY = YES;
				GCC_C_LANGUAGE_STANDARD = gnu11;
				GCC_DYNAMIC_NO_PIC = NO;
				GCC_NO_COMMON_BLOCKS = YES;
				GCC_OPTIMIZATION_LEVEL = 0;
				GCC_PREPROCESSOR_DEFINITIONS = (
					"DEBUG=1",
					"$(inherited)",
				);
				GCC_WARN_64_TO_32_BIT_CONVERSION = YES;
				GCC_WARN_ABOUT_RETURN_TYPE = YES_ERROR;
				GCC_WARN_UNDECLARED_SELECTOR = YES;
				GCC_WARN_UNINITIALIZED_AUTOS = YES_AGGRESSIVE;
				GCC_WARN_UNUSED_FUNCTION = YES;
				GCC_WARN_UNUSED_VARIABLE = YES;
				IPHONEOS_DEPLOYMENT_TARGET = 11.4;
				MTL_ENABLE_DEBUG_INFO = YES;
				ONLY_ACTIVE_ARCH = YES;
				SDKROOT = iphoneos;
				SWIFT_ACTIVE_COMPILATION_CONDITIONS = DEBUG;
				SWIFT_OPTIMIZATION_LEVEL = "-Onone";
			};
			name = Debug;
		};
		082D0A4020C801AB009B1A7A /* Release */ = {
			isa = XCBuildConfiguration;
			buildSettings = {
				ALWAYS_SEARCH_USER_PATHS = NO;
				CLANG_ANALYZER_NONNULL = YES;
				CLANG_ANALYZER_NUMBER_OBJECT_CONVERSION = YES_AGGRESSIVE;
				CLANG_CXX_LANGUAGE_STANDARD = "gnu++14";
				CLANG_CXX_LIBRARY = "libc++";
				CLANG_ENABLE_MODULES = YES;
				CLANG_ENABLE_OBJC_ARC = YES;
				CLANG_ENABLE_OBJC_WEAK = YES;
				CLANG_WARN_BLOCK_CAPTURE_AUTORELEASING = YES;
				CLANG_WARN_BOOL_CONVERSION = YES;
				CLANG_WARN_COMMA = YES;
				CLANG_WARN_CONSTANT_CONVERSION = YES;
				CLANG_WARN_DEPRECATED_OBJC_IMPLEMENTATIONS = YES;
				CLANG_WARN_DIRECT_OBJC_ISA_USAGE = YES_ERROR;
				CLANG_WARN_DOCUMENTATION_COMMENTS = YES;
				CLANG_WARN_EMPTY_BODY = YES;
				CLANG_WARN_ENUM_CONVERSION = YES;
				CLANG_WARN_INFINITE_RECURSION = YES;
				CLANG_WARN_INT_CONVERSION = YES;
				CLANG_WARN_NON_LITERAL_NULL_CONVERSION = YES;
				CLANG_WARN_OBJC_IMPLICIT_RETAIN_SELF = YES;
				CLANG_WARN_OBJC_LITERAL_CONVERSION = YES;
				CLANG_WARN_OBJC_ROOT_CLASS = YES_ERROR;
				CLANG_WARN_RANGE_LOOP_ANALYSIS = YES;
				CLANG_WARN_STRICT_PROTOTYPES = YES;
				CLANG_WARN_SUSPICIOUS_MOVE = YES;
				CLANG_WARN_UNGUARDED_AVAILABILITY = YES_AGGRESSIVE;
				CLANG_WARN_UNREACHABLE_CODE = YES;
				CLANG_WARN__DUPLICATE_METHOD_MATCH = YES;
				CODE_SIGN_IDENTITY = "iPhone Developer";
				COPY_PHASE_STRIP = NO;
				DEBUG_INFORMATION_FORMAT = "dwarf-with-dsym";
				ENABLE_NS_ASSERTIONS = NO;
				ENABLE_STRICT_OBJC_MSGSEND = YES;
				GCC_C_LANGUAGE_STANDARD = gnu11;
				GCC_NO_COMMON_BLOCKS = YES;
				GCC_WARN_64_TO_32_BIT_CONVERSION = YES;
				GCC_WARN_ABOUT_RETURN_TYPE = YES_ERROR;
				GCC_WARN_UNDECLARED_SELECTOR = YES;
				GCC_WARN_UNINITIALIZED_AUTOS = YES_AGGRESSIVE;
				GCC_WARN_UNUSED_FUNCTION = YES;
				GCC_WARN_UNUSED_VARIABLE = YES;
				IPHONEOS_DEPLOYMENT_TARGET = 11.4;
				MTL_ENABLE_DEBUG_INFO = NO;
				SDKROOT = iphoneos;
				SWIFT_COMPILATION_MODE = wholemodule;
				SWIFT_OPTIMIZATION_LEVEL = "-O";
				VALIDATE_PRODUCT = YES;
			};
			name = Release;
		};
		082D0A4220C801AB009B1A7A /* Debug */ = {
			isa = XCBuildConfiguration;
			buildSettings = {
				ASSETCATALOG_COMPILER_APPICON_NAME = AppIcon;
				CODE_SIGN_STYLE = Automatic;
				DEVELOPMENT_TEAM = VZ266K5KCR;
				FRAMEWORK_SEARCH_PATHS = (
					"$(inherited)",
					"$(PROJECT_DIR)/ScanbotSDK",
				);
				INFOPLIST_FILE = ReadyToUseUIDemo/Info.plist;
				IPHONEOS_DEPLOYMENT_TARGET = 10.0;
				LD_RUNPATH_SEARCH_PATHS = (
					"$(inherited)",
					"@executable_path/Frameworks",
				);
				PRODUCT_BUNDLE_IDENTIFIER = io.scanbot.ReadyToUseUIDemo;
				PRODUCT_NAME = "$(TARGET_NAME)";
				SWIFT_VERSION = 4.0;
				TARGETED_DEVICE_FAMILY = "1,2";
			};
			name = Debug;
		};
		082D0A4320C801AB009B1A7A /* Release */ = {
			isa = XCBuildConfiguration;
			buildSettings = {
				ASSETCATALOG_COMPILER_APPICON_NAME = AppIcon;
				CODE_SIGN_STYLE = Automatic;
				DEVELOPMENT_TEAM = VZ266K5KCR;
				FRAMEWORK_SEARCH_PATHS = (
					"$(inherited)",
					"$(PROJECT_DIR)/ScanbotSDK",
				);
				INFOPLIST_FILE = ReadyToUseUIDemo/Info.plist;
				IPHONEOS_DEPLOYMENT_TARGET = 10.0;
				LD_RUNPATH_SEARCH_PATHS = (
					"$(inherited)",
					"@executable_path/Frameworks",
				);
				PRODUCT_BUNDLE_IDENTIFIER = io.scanbot.ReadyToUseUIDemo;
				PRODUCT_NAME = "$(TARGET_NAME)";
				SWIFT_VERSION = 4.0;
				TARGETED_DEVICE_FAMILY = "1,2";
			};
			name = Release;
		};
/* End XCBuildConfiguration section */

/* Begin XCConfigurationList section */
		082D0A2A20C801AA009B1A7A /* Build configuration list for PBXProject "ReadyToUseUIDemo" */ = {
			isa = XCConfigurationList;
			buildConfigurations = (
				082D0A3F20C801AB009B1A7A /* Debug */,
				082D0A4020C801AB009B1A7A /* Release */,
			);
			defaultConfigurationIsVisible = 0;
			defaultConfigurationName = Release;
		};
		082D0A4120C801AB009B1A7A /* Build configuration list for PBXNativeTarget "ReadyToUseUIDemo" */ = {
			isa = XCConfigurationList;
			buildConfigurations = (
				082D0A4220C801AB009B1A7A /* Debug */,
				082D0A4320C801AB009B1A7A /* Release */,
			);
			defaultConfigurationIsVisible = 0;
			defaultConfigurationName = Release;
		};
/* End XCConfigurationList section */
	};
	rootObject = 082D0A2720C801AA009B1A7A /* Project object */;
}
