{
  "pins" : [
    {
      "identity" : "scanbot-sdk-ios-spm",
      "kind" : "remoteSourceControl",
      "location" : "https://github.com/doo/scanbot-sdk-ios-spm.git",
      "state" : {
        "revision" : "2e7b09f0c47644075f69a5b38d97a4e6bcaee9f6",
        "version" : "5.0.0"
      }
    }
  ],
  "version" : 2
}
